{
  "name": "dc-data-baker",
  "lockfileVersion": 3,
  "requires": true,
  "packages": {
    "": {
      "dependencies": {
        "aws-cdk": "2.1012.0",
        "cdk": "2.1012.0"
      }
    },
    "node_modules/aws-cdk": {
      "version": "2.1012.0",
      "resolved": "https://registry.npmjs.org/aws-cdk/-/aws-cdk-2.1012.0.tgz",
      "integrity": "sha512-C6jSWkqP0hkY2Cs300VJHjspmTXDTMfB813kwZvRbd/OsKBfTBJBbYU16VoLAp1LVEOnQMf8otSlaSgzVF0X9A==",
      "license": "Apache-2.0",
      "bin": {
        "cdk": "bin/cdk"
      },
      "engines": {
        "node": ">= 14.15.0"
      },
      "optionalDependencies": {
        "fsevents": "2.3.2"
      }
    },
    "node_modules/cdk": {
      "version": "2.1012.0",
      "resolved": "https://registry.npmjs.org/cdk/-/cdk-2.1012.0.tgz",
      "integrity": "sha512-60s4++5C0jat4bchsFW4aRG1LIA9b8LcWu3nr4emnXrB1a+/3xsYgJvTWohuTIECcRydhnJB/BUNSEV9hsE10Q==",
      "license": "Apache-2.0",
      "dependencies": {
        "aws-cdk": "2.1012.0"
      },
      "bin": {
        "cdk": "bin/cdk"
      },
      "engines": {
        "node": ">= 14.15.0"
      }
    },
    "node_modules/fsevents": {
      "version": "2.3.2",
      "resolved": "https://registry.npmjs.org/fsevents/-/fsevents-2.3.2.tgz",
      "integrity": "sha512-xiqMQR4xAeHTuB9uWm+fFRcIOgKBMiOBP+eXiyT7jsgVCq1bkVygt00oASowB7EdtpOHaaPgKt812P9ab+DDKA==",
      "hasInstallScript": true,
      "optional": true,
      "os": [
        "darwin"
      ],
      "engines": {
        "node": "^8.16.0 || ^10.6.0 || >=11.0.0"
      }
    }
  }
}
