version = 1
revision = 3
requires-python = "==3.12.*"

[[package]]
name = "attrs"
version = "24.3.0"
source = { registry = "https://pypi.org/simple" }
sdist = { url = "https://files.pythonhosted.org/packages/48/c8/6260f8ccc11f0917360fc0da435c5c9c7504e3db174d5a12a1494887b045/attrs-24.3.0.tar.gz", hash = "sha256:8f5c07333d543103541ba7be0e2ce16eeee8130cb0b3f9238ab904ce1e85baff", size = 805984, upload-time = "2024-12-16T06:59:29.899Z" }
wheels = [
    { url = "https://files.pythonhosted.org/packages/89/aa/ab0f7891a01eeb2d2e338ae8fecbe57fcebea1a24dbb64d45801bfab481d/attrs-24.3.0-py3-none-any.whl", hash = "sha256:ac96cd038792094f438ad1f6ff80837353805ac950cd2aa0e0625ef19850c308", size = 63397, upload-time = "2024-12-16T06:59:26.977Z" },
]

[[package]]
name = "aws-cdk-asset-awscli-v1"
version = "2.2.222"
source = { registry = "https://pypi.org/simple" }
dependencies = [
    { name = "jsii" },
    { name = "publication" },
    { name = "typeguard" },
]
sdist = { url = "https://files.pythonhosted.org/packages/23/ef/d7279f1727f2ae4fae9724058feac60a20f567464e722b533e240c007fb7/aws_cdk_asset_awscli_v1-2.2.222.tar.gz", hash = "sha256:ce41199fa76a774166a520f021fa29356f8c8a90893fa345cdfe469d40cf13fb", size = 17806797, upload-time = "2025-02-03T15:50:08.173Z" }
wheels = [
    { url = "https://files.pythonhosted.org/packages/e1/de/75954d111753f3645dfa85df49e6166f73c1c7292d7c56a915efe2a91bc4/aws_cdk.asset_awscli_v1-2.2.222-py3-none-any.whl", hash = "sha256:c0db477fb9b60aebb48ecd772a18bbeee2ccda47c6cf85a63a0635b7f0e76932", size = 17805175, upload-time = "2025-02-03T15:50:03.598Z" },
]

[[package]]
name = "aws-cdk-asset-kubectl-v20"
version = "2.1.3"
source = { registry = "https://pypi.org/simple" }
dependencies = [
    { name = "jsii" },
    { name = "publication" },
    { name = "typeguard" },
]
sdist = { url = "https://files.pythonhosted.org/packages/02/4d/ac201fe98ba6ce58c21f7a90722205a59b58d211e5fcc94054320390c131/aws_cdk_asset_kubectl_v20-2.1.3.tar.gz", hash = "sha256:237cd8530d9e8be0bbc7159af927dbb6b7f91bf3f4099c8ef4d9a213b34264be", size = 25455300, upload-time = "2024-10-10T14:09:31.666Z" }
wheels = [
    { url = "https://files.pythonhosted.org/packages/0d/e1/390735bd346e97e8172e7c59a7766829419fc6638dcc40492495f7520fff/aws_cdk.asset_kubectl_v20-2.1.3-py3-none-any.whl", hash = "sha256:d5612e5bd03c215a28ce53193b1144ecf4e93b3b6779563c046a8a74d83a3979", size = 25453858, upload-time = "2024-10-10T14:09:29.159Z" },
]

[[package]]
name = "aws-cdk-asset-node-proxy-agent-v6"
version = "2.1.0"
source = { registry = "https://pypi.org/simple" }
dependencies = [
    { name = "jsii" },
    { name = "publication" },
    { name = "typeguard" },
]
sdist = { url = "https://files.pythonhosted.org/packages/d5/ab/09ac3ecc0067988d02398328e088d66cbe8555c991563c8ddfa1db5296ae/aws_cdk_asset_node_proxy_agent_v6-2.1.0.tar.gz", hash = "sha256:1f292c0631f86708ba4ee328b3a2b229f7e46ea1c79fbde567ee9eb119c2b0e2", size = 1540231, upload-time = "2024-09-03T09:36:51.634Z" }
wheels = [
    { url = "https://files.pythonhosted.org/packages/8d/86/1817a6da223aa80aeb94a504f07f930170284694b18f6053729e9930cc6a/aws_cdk.asset_node_proxy_agent_v6-2.1.0-py3-none-any.whl", hash = "sha256:24a388b69a44d03bae6dbf864c4e25ba650d4b61c008b4568b94ffbb9a69e40e", size = 1538724, upload-time = "2024-09-03T09:36:49.8Z" },
]

[[package]]
name = "aws-cdk-aws-glue-alpha"
version = "2.178.1a0"
source = { registry = "https://pypi.org/simple" }
dependencies = [
    { name = "aws-cdk-lib" },
    { name = "constructs" },
    { name = "jsii" },
    { name = "publication" },
    { name = "typeguard" },
]
sdist = { url = "https://files.pythonhosted.org/packages/40/b5/17b2eb41b25e1d6b6a9c8618a950f9e018c63bad22c718c7c2c07fee714d/aws_cdk_aws_glue_alpha-2.178.1a0.tar.gz", hash = "sha256:8980194b67a68971201079d53c5be079d5b5e6c948705d8d66214eb20ae2e2f2", size = 433620, upload-time = "2025-02-07T01:04:10.977Z" }
wheels = [
    { url = "https://files.pythonhosted.org/packages/a1/dc/34f6cc15177fe7f63a1a0dd1f987e321f1cd7f3453d87656177e969e4a91/aws_cdk.aws_glue_alpha-2.178.1a0-py3-none-any.whl", hash = "sha256:65be7284ae0be0bdfc18b433521061d6c7a9bbfd44158236b9f27090be033c54", size = 417731, upload-time = "2025-02-07T01:03:07.016Z" },
]

[[package]]
name = "aws-cdk-aws-kinesisfirehose-alpha"
version = "2.178.1a0"
source = { registry = "https://pypi.org/simple" }
dependencies = [
    { name = "aws-cdk-lib" },
    { name = "constructs" },
    { name = "jsii" },
    { name = "publication" },
    { name = "typeguard" },
]
sdist = { url = "https://files.pythonhosted.org/packages/54/0f/a07985bdf0ca575a4f42fc9442f09c56b9456f941b77b81299a14f5c7035/aws_cdk_aws_kinesisfirehose_alpha-2.178.1a0.tar.gz", hash = "sha256:00ae6392f4f87ede0b731c44c76fac031c95dd9d10b77dc75230564a7478bcbd", size = 127744, upload-time = "2025-02-07T01:04:18.927Z" }
wheels = [
    { url = "https://files.pythonhosted.org/packages/ad/34/e98390b573065634723d91a41a6f53a5a0ab30ce80339698d8a97b21ae4b/aws_cdk.aws_kinesisfirehose_alpha-2.178.1a0-py3-none-any.whl", hash = "sha256:87b2b889a652aeda509b09b75d28ab317d6b71d41681406ba55a7f8d39c85d55", size = 118618, upload-time = "2025-02-07T01:03:18.455Z" },
]

[[package]]
name = "aws-cdk-aws-lambda-python-alpha"
version = "2.178.1a0"
source = { registry = "https://pypi.org/simple" }
dependencies = [
    { name = "aws-cdk-lib" },
    { name = "constructs" },
    { name = "jsii" },
    { name = "publication" },
    { name = "typeguard" },
]
sdist = { url = "https://files.pythonhosted.org/packages/19/b9/d22d6007cc5eb0fcb4aa785242efb2169ae913c933b23888bf9b1a5a213b/aws_cdk_aws_lambda_python_alpha-2.178.1a0.tar.gz", hash = "sha256:5a044728935bd584f15cc168491e5424e550135f5729ee7fd29e48e6ce41434b", size = 85183, upload-time = "2025-02-07T01:04:23.489Z" }
wheels = [
    { url = "https://files.pythonhosted.org/packages/ba/dc/7aac9d76962555527ee4740a5146a55031e4ed87de6c8346c3069f346fe7/aws_cdk.aws_lambda_python_alpha-2.178.1a0-py3-none-any.whl", hash = "sha256:15560cc63d85f51dc09b42deb60066cd5cd1d9cb7d744f7808833f58d6a8ab8a", size = 84578, upload-time = "2025-02-07T01:03:23Z" },
]

[[package]]
name = "aws-cdk-aws-pipes-alpha"
version = "2.178.1a0"
source = { registry = "https://pypi.org/simple" }
dependencies = [
    { name = "aws-cdk-aws-kinesisfirehose-alpha" },
    { name = "aws-cdk-lib" },
    { name = "constructs" },
    { name = "jsii" },
    { name = "publication" },
    { name = "typeguard" },
]
sdist = { url = "https://files.pythonhosted.org/packages/89/9a/ff400fb834613600a2d3f4472644b3d1d74837ddb546c09b7855e214fe6a/aws_cdk_aws_pipes_alpha-2.178.1a0.tar.gz", hash = "sha256:5337c57edd99ac020f16a717f21a2617715742fa585ad16f3c89cdccb539729e", size = 123132, upload-time = "2025-02-07T01:04:31.899Z" }
wheels = [
    { url = "https://files.pythonhosted.org/packages/c1/d8/f4834dbc1205c4a1190498fc42e65ccf6bf9e40d5cf038f698230acc93ef/aws_cdk.aws_pipes_alpha-2.178.1a0-py3-none-any.whl", hash = "sha256:07902da0aa28e961aa56d388b7af638a0dca80c275f611c2730f20e66d2acf64", size = 121376, upload-time = "2025-02-07T01:03:28.311Z" },
]

[[package]]
name = "aws-cdk-aws-pipes-sources-alpha"
version = "2.178.1a0"
source = { registry = "https://pypi.org/simple" }
dependencies = [
    { name = "aws-cdk-aws-pipes-alpha" },
    { name = "aws-cdk-lib" },
    { name = "constructs" },
    { name = "jsii" },
    { name = "publication" },
    { name = "typeguard" },
]
sdist = { url = "https://files.pythonhosted.org/packages/c1/dc/25b6286f847e7bd828fd5ac93c18520b4b2810b829f5fb926764aae4eea3/aws_cdk_aws_pipes_sources_alpha-2.178.1a0.tar.gz", hash = "sha256:ee0b6c334f77c40c368d60ea810f3dcb60c1f1c74958d7730ef96b0e2848d5df", size = 57353, upload-time = "2025-02-07T01:04:33.774Z" }
wheels = [
    { url = "https://files.pythonhosted.org/packages/ba/62/0acf20c341c06fd777dc600edcbb721e862aa64d44ba43f44a050143e5f7/aws_cdk.aws_pipes_sources_alpha-2.178.1a0-py3-none-any.whl", hash = "sha256:f3ea3f45f013043c7c19ed0706bec983b523b81dcf1aa2092ba96cc754ef88d1", size = 56185, upload-time = "2025-02-07T01:03:31.618Z" },
]

[[package]]
name = "aws-cdk-aws-pipes-targets-alpha"
version = "2.178.1a0"
source = { registry = "https://pypi.org/simple" }
dependencies = [
    { name = "aws-cdk-aws-pipes-alpha" },
    { name = "aws-cdk-lib" },
    { name = "constructs" },
    { name = "jsii" },
    { name = "publication" },
    { name = "typeguard" },
]
sdist = { url = "https://files.pythonhosted.org/packages/d9/6b/1d5a3d2e4ad18b6b86d6f50c34fb6721e39597e2825ce00d4d529c44bc14/aws_cdk_aws_pipes_targets_alpha-2.178.1a0.tar.gz", hash = "sha256:4896df624585b73dafd877aca975a7f9a4f68ba6784b560cb9902b462bb453bd", size = 78897, upload-time = "2025-02-07T01:04:35.394Z" }
wheels = [
    { url = "https://files.pythonhosted.org/packages/8c/b0/95b84414d651965381664acf5d9024330a9fd2d429555938b2c13ae70d97/aws_cdk.aws_pipes_targets_alpha-2.178.1a0-py3-none-any.whl", hash = "sha256:06e453702fd7a466caad8390e7cc7a2a1ba0ffa2506627e30458c4c477f8a6e4", size = 77476, upload-time = "2025-02-07T01:03:33.287Z" },
]

[[package]]
name = "aws-cdk-cloud-assembly-schema"
version = "39.2.17"
source = { registry = "https://pypi.org/simple" }
dependencies = [
    { name = "jsii" },
    { name = "publication" },
    { name = "typeguard" },
]
sdist = { url = "https://files.pythonhosted.org/packages/59/f5/eafe7d8e7e2cab11ca3b4d70d5e3df3942f3a960a62fe3b00c969a2e9514/aws_cdk_cloud_assembly_schema-39.2.17.tar.gz", hash = "sha256:8b634da70299c6e82948494e5b6d9575fd636aba830c4bc1fac2fdf1ecf48010", size = 188302, upload-time = "2025-02-07T00:25:10.562Z" }
wheels = [
    { url = "https://files.pythonhosted.org/packages/01/44/39290ad785c8b9b8e3db584f09b24cc5de2a004196d6c880cb3aa3b2df32/aws_cdk.cloud_assembly_schema-39.2.17-py3-none-any.whl", hash = "sha256:1925856f2420a85d20ce125ab58f1df5448c9ef82b5de5bc38d2f25af63dd41d", size = 187293, upload-time = "2025-02-07T00:25:06.512Z" },
]

[[package]]
name = "aws-cdk-lib"
version = "2.178.1"
source = { registry = "https://pypi.org/simple" }
dependencies = [
    { name = "aws-cdk-asset-awscli-v1" },
    { name = "aws-cdk-asset-kubectl-v20" },
    { name = "aws-cdk-asset-node-proxy-agent-v6" },
    { name = "aws-cdk-cloud-assembly-schema" },
    { name = "constructs" },
    { name = "jsii" },
    { name = "publication" },
    { name = "typeguard" },
]
sdist = { url = "https://files.pythonhosted.org/packages/94/fd/1d0f59b6a6c0012f2061c6f356d3aea4dcb051b9d3fa5ee0fb331538544d/aws_cdk_lib-2.178.1.tar.gz", hash = "sha256:c5ae0305d0c20093941ab77e7c6847d5ec8baaf98469c4b04901a0d2a3746f32", size = 39471150, upload-time = "2025-02-07T01:04:52.493Z" }
wheels = [
    { url = "https://files.pythonhosted.org/packages/76/33/fc190ca760d30f8bc126744ee7ab05b700b1226bf6c8a8263d98d0326eee/aws_cdk_lib-2.178.1-py3-none-any.whl", hash = "sha256:882feb0ae77fadc8fb8951649d12608bd2d776f6730e1c21cd6655615a234ae2", size = 39752144, upload-time = "2025-02-07T01:03:54.77Z" },
]

[[package]]
name = "boto3"
version = "1.36.18"
source = { registry = "https://pypi.org/simple" }
dependencies = [
    { name = "botocore" },
    { name = "jmespath" },
    { name = "s3transfer" },
]
sdist = { url = "https://files.pythonhosted.org/packages/4f/cc/77183440b739a202e933394feb39a177d8958a74e3103e20721260f41435/boto3-1.36.18.tar.gz", hash = "sha256:be8e32c34d7b103a64fafdd277fa1ec136733b4bbfc11dcfa597efa36a820b37", size = 111009, upload-time = "2025-02-11T21:04:42.447Z" }
wheels = [
    { url = "https://files.pythonhosted.org/packages/35/0d/782cb55b66256a6d05e40e5cc9c6be2045010ad206d10bf7c9d269f9aa70/boto3-1.36.18-py3-none-any.whl", hash = "sha256:084ff25af2d7bda3102d6367f5453e2e83f8cde1da73079ea144595b03cb9400", size = 139180, upload-time = "2025-02-11T21:04:39.98Z" },
]

[[package]]
name = "botocore"
version = "1.36.18"
source = { registry = "https://pypi.org/simple" }
dependencies = [
    { name = "jmespath" },
    { name = "python-dateutil" },
    { name = "urllib3" },
]
sdist = { url = "https://files.pythonhosted.org/packages/50/e1/b794d7dfa8e9c207949c6cec95dcddaab0fdc6c0e8334a749eaceb4a6df8/botocore-1.36.18.tar.gz", hash = "sha256:ddadafe460e91f11677720a2fcc3ea09c4abb914de2b000da7ba46b4c97da3d7", size = 13516162, upload-time = "2025-02-11T21:04:25.859Z" }
wheels = [
    { url = "https://files.pythonhosted.org/packages/cf/89/0cd907b12a0b0716befd86ed51f1d6471aac76a81a378300fb09acb7fd85/botocore-1.36.18-py3-none-any.whl", hash = "sha256:7898d109affd9231c555e71fda88308c1da2db8d39e83d33eb8cb40ebf1ba82f", size = 13343250, upload-time = "2025-02-11T21:04:21.888Z" },
]

[[package]]
name = "cattrs"
version = "24.1.2"
source = { registry = "https://pypi.org/simple" }
dependencies = [
    { name = "attrs" },
]
sdist = { url = "https://files.pythonhosted.org/packages/64/65/af6d57da2cb32c076319b7489ae0958f746949d407109e3ccf4d115f147c/cattrs-24.1.2.tar.gz", hash = "sha256:8028cfe1ff5382df59dd36474a86e02d817b06eaf8af84555441bac915d2ef85", size = 426462, upload-time = "2024-09-22T14:58:36.377Z" }
wheels = [
    { url = "https://files.pythonhosted.org/packages/c8/d5/867e75361fc45f6de75fe277dd085627a9db5ebb511a87f27dc1396b5351/cattrs-24.1.2-py3-none-any.whl", hash = "sha256:67c7495b760168d931a10233f979b28dc04daf853b30752246f4f8471c6d68d0", size = 66446, upload-time = "2024-09-22T14:58:34.812Z" },
]

[[package]]
name = "cfgv"
version = "3.4.0"
source = { registry = "https://pypi.org/simple" }
sdist = { url = "https://files.pythonhosted.org/packages/11/74/539e56497d9bd1d484fd863dd69cbbfa653cd2aa27abfe35653494d85e94/cfgv-3.4.0.tar.gz", hash = "sha256:e52591d4c5f5dead8e0f673fb16db7949d2cfb3f7da4582893288f0ded8fe560", size = 7114, upload-time = "2023-08-12T20:38:17.776Z" }
wheels = [
    { url = "https://files.pythonhosted.org/packages/c5/55/51844dd50c4fc7a33b653bfaba4c2456f06955289ca770a5dbd5fd267374/cfgv-3.4.0-py2.py3-none-any.whl", hash = "sha256:b7265b1f29fd3316bfcd2b330d63d024f2bfd8bcb8b0272f8e19a504856c48f9", size = 7249, upload-time = "2023-08-12T20:38:16.269Z" },
]

[[package]]
name = "constructs"
version = "10.4.2"
source = { registry = "https://pypi.org/simple" }
dependencies = [
    { name = "jsii" },
    { name = "publication" },
    { name = "typeguard" },
]
sdist = { url = "https://files.pythonhosted.org/packages/46/84/f608a0a71a05a476b2f1761ab8f3f776677d39f7996ecf1092a1ce741a7c/constructs-10.4.2.tar.gz", hash = "sha256:ce54724360fffe10bab27d8a081844eb81f5ace7d7c62c84b719c49f164d5307", size = 65434, upload-time = "2024-10-14T12:58:02.822Z" }
wheels = [
    { url = "https://files.pythonhosted.org/packages/f2/d9/c5e7458f323bf063a9a54200742f2494e2ce3c7c6873e0ff80f88033c75f/constructs-10.4.2-py3-none-any.whl", hash = "sha256:1f0f59b004edebfde0f826340698b8c34611f57848139b7954904c61645f13c1", size = 63509, upload-time = "2024-10-14T12:57:59.828Z" },
]

[[package]]
name = "dc-data-baker"
version = "0.0.0"
source = { virtual = "." }
dependencies = [
    { name = "aws-cdk-aws-glue-alpha" },
    { name = "aws-cdk-aws-lambda-python-alpha" },
    { name = "aws-cdk-aws-pipes-alpha" },
    { name = "aws-cdk-aws-pipes-sources-alpha" },
    { name = "aws-cdk-aws-pipes-targets-alpha" },
    { name = "aws-cdk-lib" },
    { name = "boto3" },
    { name = "graphviz" },
    { name = "sqlglot" },
]

[package.dev-dependencies]
dev = [
    { name = "pre-commit" },
    { name = "ruff" },
    { name = "yamllint" },
]

[package.metadata]
requires-dist = [
    { name = "aws-cdk-aws-glue-alpha", specifier = "==2.178.1a0" },
    { name = "aws-cdk-aws-lambda-python-alpha", specifier = "==2.178.1a0" },
    { name = "aws-cdk-aws-pipes-alpha", specifier = ">=2.178.1a0" },
    { name = "aws-cdk-aws-pipes-sources-alpha", specifier = ">=2.178.1a0" },
    { name = "aws-cdk-aws-pipes-targets-alpha", specifier = ">=2.178.1a0" },
    { name = "aws-cdk-lib", specifier = "==2.178.1" },
    { name = "boto3", specifier = ">=1.36.18" },
    { name = "graphviz", specifier = "==0.20.3" },
    { name = "sqlglot", specifier = "==26.4.1" },
]

[package.metadata.requires-dev]
dev = [
    { name = "pre-commit", specifier = "==4.1.0" },
    { name = "ruff", specifier = "==0.9.5" },
    { name = "yamllint", specifier = ">=1.37.0" },
]

[[package]]
name = "distlib"
version = "0.3.9"
source = { registry = "https://pypi.org/simple" }
sdist = { url = "https://files.pythonhosted.org/packages/0d/dd/1bec4c5ddb504ca60fc29472f3d27e8d4da1257a854e1d96742f15c1d02d/distlib-0.3.9.tar.gz", hash = "sha256:a60f20dea646b8a33f3e7772f74dc0b2d0772d2837ee1342a00645c81edf9403", size = 613923, upload-time = "2024-10-09T18:35:47.551Z" }
wheels = [
    { url = "https://files.pythonhosted.org/packages/91/a1/cf2472db20f7ce4a6be1253a81cfdf85ad9c7885ffbed7047fb72c24cf87/distlib-0.3.9-py2.py3-none-any.whl", hash = "sha256:47f8c22fd27c27e25a65601af709b38e4f0a45ea4fc2e710f65755fa8caaaf87", size = 468973, upload-time = "2024-10-09T18:35:44.272Z" },
]

[[package]]
name = "filelock"
version = "3.20.3"
source = { registry = "https://pypi.org/simple" }
sdist = { url = "https://files.pythonhosted.org/packages/1d/65/ce7f1b70157833bf3cb851b556a37d4547ceafc158aa9b34b36782f23696/filelock-3.20.3.tar.gz", hash = "sha256:18c57ee915c7ec61cff0ecf7f0f869936c7c30191bb0cf406f1341778d0834e1", size = 19485, upload-time = "2026-01-09T17:55:05.421Z" }
wheels = [
    { url = "https://files.pythonhosted.org/packages/b5/36/7fb70f04bf00bc646cd5bb45aa9eddb15e19437a28b8fb2b4a5249fac770/filelock-3.20.3-py3-none-any.whl", hash = "sha256:4b0dda527ee31078689fc205ec4f1c1bf7d56cf88b6dc9426c4f230e46c2dce1", size = 16701, upload-time = "2026-01-09T17:55:04.334Z" },
]

[[package]]
name = "graphviz"
version = "0.20.3"
source = { registry = "https://pypi.org/simple" }
sdist = { url = "https://files.pythonhosted.org/packages/fa/83/5a40d19b8347f017e417710907f824915fba411a9befd092e52746b63e9f/graphviz-0.20.3.zip", hash = "sha256:09d6bc81e6a9fa392e7ba52135a9d49f1ed62526f96499325930e87ca1b5925d", size = 256455, upload-time = "2024-03-21T07:50:45.772Z" }
wheels = [
    { url = "https://files.pythonhosted.org/packages/00/be/d59db2d1d52697c6adc9eacaf50e8965b6345cc143f671e1ed068818d5cf/graphviz-0.20.3-py3-none-any.whl", hash = "sha256:81f848f2904515d8cd359cc611faba817598d2feaac4027b266aa3eda7b3dde5", size = 47126, upload-time = "2024-03-21T07:50:43.091Z" },
]

[[package]]
name = "identify"
version = "2.6.6"
source = { registry = "https://pypi.org/simple" }
sdist = { url = "https://files.pythonhosted.org/packages/82/bf/c68c46601bacd4c6fb4dd751a42b6e7087240eaabc6487f2ef7a48e0e8fc/identify-2.6.6.tar.gz", hash = "sha256:7bec12768ed44ea4761efb47806f0a41f86e7c0a5fdf5950d4648c90eca7e251", size = 99217, upload-time = "2025-01-20T20:38:02.989Z" }
wheels = [
    { url = "https://files.pythonhosted.org/packages/74/a1/68a395c17eeefb04917034bd0a1bfa765e7654fa150cca473d669aa3afb5/identify-2.6.6-py2.py3-none-any.whl", hash = "sha256:cbd1810bce79f8b671ecb20f53ee0ae8e86ae84b557de31d89709dc2a48ba881", size = 99083, upload-time = "2025-01-20T20:38:00.261Z" },
]

[[package]]
name = "importlib-resources"
version = "6.5.2"
source = { registry = "https://pypi.org/simple" }
sdist = { url = "https://files.pythonhosted.org/packages/cf/8c/f834fbf984f691b4f7ff60f50b514cc3de5cc08abfc3295564dd89c5e2e7/importlib_resources-6.5.2.tar.gz", hash = "sha256:185f87adef5bcc288449d98fb4fba07cea78bc036455dd44c5fc4a2fe78fed2c", size = 44693, upload-time = "2025-01-03T18:51:56.698Z" }
wheels = [
    { url = "https://files.pythonhosted.org/packages/a4/ed/1f1afb2e9e7f38a545d628f864d562a5ae64fe6f7a10e28ffb9b185b4e89/importlib_resources-6.5.2-py3-none-any.whl", hash = "sha256:789cfdc3ed28c78b67a06acb8126751ced69a3d5f79c095a98298cd8a760ccec", size = 37461, upload-time = "2025-01-03T18:51:54.306Z" },
]

[[package]]
name = "jmespath"
version = "1.0.1"
source = { registry = "https://pypi.org/simple" }
sdist = { url = "https://files.pythonhosted.org/packages/00/2a/e867e8531cf3e36b41201936b7fa7ba7b5702dbef42922193f05c8976cd6/jmespath-1.0.1.tar.gz", hash = "sha256:90261b206d6defd58fdd5e85f478bf633a2901798906be2ad389150c5c60edbe", size = 25843, upload-time = "2022-06-17T18:00:12.224Z" }
wheels = [
    { url = "https://files.pythonhosted.org/packages/31/b4/b9b800c45527aadd64d5b442f9b932b00648617eb5d63d2c7a6587b7cafc/jmespath-1.0.1-py3-none-any.whl", hash = "sha256:02e2e4cc71b5bcab88332eebf907519190dd9e6e82107fa7f83b1003a6252980", size = 20256, upload-time = "2022-06-17T18:00:10.251Z" },
]

[[package]]
name = "jsii"
version = "1.106.0"
source = { registry = "https://pypi.org/simple" }
dependencies = [
    { name = "attrs" },
    { name = "cattrs" },
    { name = "importlib-resources" },
    { name = "publication" },
    { name = "python-dateutil" },
    { name = "typeguard" },
    { name = "typing-extensions" },
]
sdist = { url = "https://files.pythonhosted.org/packages/32/9c/e8c0bfef81e1496ab2b74e574e50bdc39574448213aa66f30acf24e819fb/jsii-1.106.0.tar.gz", hash = "sha256:c79c47899f53a7c3c4b20f80d3cd306628fe9ed1852eee970324c71eba1d974e", size = 578766, upload-time = "2024-12-16T20:34:17.29Z" }
wheels = [
    { url = "https://files.pythonhosted.org/packages/df/39/330e143538fac431881388702cdc637ce353a2ea1dd2a5ee734db1d5e60d/jsii-1.106.0-py3-none-any.whl", hash = "sha256:5a44d7c3a5a326fa3d9befdb3770b380057e0a61e3804e7c4907f70d76afaaa2", size = 554773, upload-time = "2024-12-16T20:34:14.132Z" },
]

[[package]]
name = "nodeenv"
version = "1.9.1"
source = { registry = "https://pypi.org/simple" }
sdist = { url = "https://files.pythonhosted.org/packages/43/16/fc88b08840de0e0a72a2f9d8c6bae36be573e475a6326ae854bcc549fc45/nodeenv-1.9.1.tar.gz", hash = "sha256:6ec12890a2dab7946721edbfbcd91f3319c6ccc9aec47be7c7e6b7011ee6645f", size = 47437, upload-time = "2024-06-04T18:44:11.171Z" }
wheels = [
    { url = "https://files.pythonhosted.org/packages/d2/1d/1b658dbd2b9fa9c4c9f32accbfc0205d532c8c6194dc0f2a4c0428e7128a/nodeenv-1.9.1-py2.py3-none-any.whl", hash = "sha256:ba11c9782d29c27c70ffbdda2d7415098754709be8a7056d79a737cd901155c9", size = 22314, upload-time = "2024-06-04T18:44:08.352Z" },
]

[[package]]
name = "pathspec"
version = "0.12.1"
source = { registry = "https://pypi.org/simple" }
sdist = { url = "https://files.pythonhosted.org/packages/ca/bc/f35b8446f4531a7cb215605d100cd88b7ac6f44ab3fc94870c120ab3adbf/pathspec-0.12.1.tar.gz", hash = "sha256:a482d51503a1ab33b1c67a6c3813a26953dbdc71c31dacaef9a838c4e29f5712", size = 51043, upload-time = "2023-12-10T22:30:45Z" }
wheels = [
    { url = "https://files.pythonhosted.org/packages/cc/20/ff623b09d963f88bfde16306a54e12ee5ea43e9b597108672ff3a408aad6/pathspec-0.12.1-py3-none-any.whl", hash = "sha256:a0d503e138a4c123b27490a4f7beda6a01c6f288df0e4a8b79c7eb0dc7b4cc08", size = 31191, upload-time = "2023-12-10T22:30:43.14Z" },
]

[[package]]
name = "platformdirs"
version = "4.3.6"
source = { registry = "https://pypi.org/simple" }
sdist = { url = "https://files.pythonhosted.org/packages/13/fc/128cc9cb8f03208bdbf93d3aa862e16d376844a14f9a0ce5cf4507372de4/platformdirs-4.3.6.tar.gz", hash = "sha256:357fb2acbc885b0419afd3ce3ed34564c13c9b95c89360cd9563f73aa5e2b907", size = 21302, upload-time = "2024-09-17T19:06:50.688Z" }
wheels = [
    { url = "https://files.pythonhosted.org/packages/3c/a6/bc1012356d8ece4d66dd75c4b9fc6c1f6650ddd5991e421177d9f8f671be/platformdirs-4.3.6-py3-none-any.whl", hash = "sha256:73e575e1408ab8103900836b97580d5307456908a03e92031bab39e4554cc3fb", size = 18439, upload-time = "2024-09-17T19:06:49.212Z" },
]

[[package]]
name = "pre-commit"
version = "4.1.0"
source = { registry = "https://pypi.org/simple" }
dependencies = [
    { name = "cfgv" },
    { name = "identify" },
    { name = "nodeenv" },
    { name = "pyyaml" },
    { name = "virtualenv" },
]
sdist = { url = "https://files.pythonhosted.org/packages/2a/13/b62d075317d8686071eb843f0bb1f195eb332f48869d3c31a4c6f1e063ac/pre_commit-4.1.0.tar.gz", hash = "sha256:ae3f018575a588e30dfddfab9a05448bfbd6b73d78709617b5a2b853549716d4", size = 193330, upload-time = "2025-01-20T18:31:48.681Z" }
wheels = [
    { url = "https://files.pythonhosted.org/packages/43/b3/df14c580d82b9627d173ceea305ba898dca135feb360b6d84019d0803d3b/pre_commit-4.1.0-py2.py3-none-any.whl", hash = "sha256:d29e7cb346295bcc1cc75fc3e92e343495e3ea0196c9ec6ba53f49f10ab6ae7b", size = 220560, upload-time = "2025-01-20T18:31:47.319Z" },
]

[[package]]
name = "publication"
version = "0.0.3"
source = { registry = "https://pypi.org/simple" }
sdist = { url = "https://files.pythonhosted.org/packages/6b/8e/8c9fe7e32fdf9c386f83d59610cc819a25dadb874b5920f2d0ef7d35f46d/publication-0.0.3.tar.gz", hash = "sha256:68416a0de76dddcdd2930d1c8ef853a743cc96c82416c4e4d3b5d901c6276dc4", size = 5484, upload-time = "2019-01-15T07:52:23.914Z" }
wheels = [
    { url = "https://files.pythonhosted.org/packages/f8/d3/6308debad7afcdb3ea5f50b4b3d852f41eb566a311fbcb4da23755a28155/publication-0.0.3-py2.py3-none-any.whl", hash = "sha256:0248885351febc11d8a1098d5c8e3ab2dabcf3e8c0c96db1e17ecd12b53afbe6", size = 7687, upload-time = "2019-01-15T07:52:22.151Z" },
]

[[package]]
name = "python-dateutil"
version = "2.9.0.post0"
source = { registry = "https://pypi.org/simple" }
dependencies = [
    { name = "six" },
]
sdist = { url = "https://files.pythonhosted.org/packages/66/c0/0c8b6ad9f17a802ee498c46e004a0eb49bc148f2fd230864601a86dcf6db/python-dateutil-2.9.0.post0.tar.gz", hash = "sha256:37dd54208da7e1cd875388217d5e00ebd4179249f90fb72437e91a35459a0ad3", size = 342432, upload-time = "2024-03-01T18:36:20.211Z" }
wheels = [
    { url = "https://files.pythonhosted.org/packages/ec/57/56b9bcc3c9c6a792fcbaf139543cee77261f3651ca9da0c93f5c1221264b/python_dateutil-2.9.0.post0-py2.py3-none-any.whl", hash = "sha256:a8b2bc7bffae282281c8140a97d3aa9c14da0b136dfe83f850eea9a5f7470427", size = 229892, upload-time = "2024-03-01T18:36:18.57Z" },
]

[[package]]
name = "pyyaml"
version = "6.0.2"
source = { registry = "https://pypi.org/simple" }
sdist = { url = "https://files.pythonhosted.org/packages/54/ed/79a089b6be93607fa5cdaedf301d7dfb23af5f25c398d5ead2525b063e17/pyyaml-6.0.2.tar.gz", hash = "sha256:d584d9ec91ad65861cc08d42e834324ef890a082e591037abe114850ff7bbc3e", size = 130631, upload-time = "2024-08-06T20:33:50.674Z" }
wheels = [
    { url = "https://files.pythonhosted.org/packages/86/0c/c581167fc46d6d6d7ddcfb8c843a4de25bdd27e4466938109ca68492292c/PyYAML-6.0.2-cp312-cp312-macosx_10_9_x86_64.whl", hash = "sha256:c70c95198c015b85feafc136515252a261a84561b7b1d51e3384e0655ddf25ab", size = 183873, upload-time = "2024-08-06T20:32:25.131Z" },
    { url = "https://files.pythonhosted.org/packages/a8/0c/38374f5bb272c051e2a69281d71cba6fdb983413e6758b84482905e29a5d/PyYAML-6.0.2-cp312-cp312-macosx_11_0_arm64.whl", hash = "sha256:ce826d6ef20b1bc864f0a68340c8b3287705cae2f8b4b1d932177dcc76721725", size = 173302, upload-time = "2024-08-06T20:32:26.511Z" },
    { url = "https://files.pythonhosted.org/packages/c3/93/9916574aa8c00aa06bbac729972eb1071d002b8e158bd0e83a3b9a20a1f7/PyYAML-6.0.2-cp312-cp312-manylinux_2_17_aarch64.manylinux2014_aarch64.whl", hash = "sha256:1f71ea527786de97d1a0cc0eacd1defc0985dcf6b3f17bb77dcfc8c34bec4dc5", size = 739154, upload-time = "2024-08-06T20:32:28.363Z" },
    { url = "https://files.pythonhosted.org/packages/95/0f/b8938f1cbd09739c6da569d172531567dbcc9789e0029aa070856f123984/PyYAML-6.0.2-cp312-cp312-manylinux_2_17_s390x.manylinux2014_s390x.whl", hash = "sha256:9b22676e8097e9e22e36d6b7bda33190d0d400f345f23d4065d48f4ca7ae0425", size = 766223, upload-time = "2024-08-06T20:32:30.058Z" },
    { url = "https://files.pythonhosted.org/packages/b9/2b/614b4752f2e127db5cc206abc23a8c19678e92b23c3db30fc86ab731d3bd/PyYAML-6.0.2-cp312-cp312-manylinux_2_17_x86_64.manylinux2014_x86_64.whl", hash = "sha256:80bab7bfc629882493af4aa31a4cfa43a4c57c83813253626916b8c7ada83476", size = 767542, upload-time = "2024-08-06T20:32:31.881Z" },
    { url = "https://files.pythonhosted.org/packages/d4/00/dd137d5bcc7efea1836d6264f049359861cf548469d18da90cd8216cf05f/PyYAML-6.0.2-cp312-cp312-musllinux_1_1_aarch64.whl", hash = "sha256:0833f8694549e586547b576dcfaba4a6b55b9e96098b36cdc7ebefe667dfed48", size = 731164, upload-time = "2024-08-06T20:32:37.083Z" },
    { url = "https://files.pythonhosted.org/packages/c9/1f/4f998c900485e5c0ef43838363ba4a9723ac0ad73a9dc42068b12aaba4e4/PyYAML-6.0.2-cp312-cp312-musllinux_1_1_x86_64.whl", hash = "sha256:8b9c7197f7cb2738065c481a0461e50ad02f18c78cd75775628afb4d7137fb3b", size = 756611, upload-time = "2024-08-06T20:32:38.898Z" },
    { url = "https://files.pythonhosted.org/packages/df/d1/f5a275fdb252768b7a11ec63585bc38d0e87c9e05668a139fea92b80634c/PyYAML-6.0.2-cp312-cp312-win32.whl", hash = "sha256:ef6107725bd54b262d6dedcc2af448a266975032bc85ef0172c5f059da6325b4", size = 140591, upload-time = "2024-08-06T20:32:40.241Z" },
    { url = "https://files.pythonhosted.org/packages/0c/e8/4f648c598b17c3d06e8753d7d13d57542b30d56e6c2dedf9c331ae56312e/PyYAML-6.0.2-cp312-cp312-win_amd64.whl", hash = "sha256:7e7401d0de89a9a855c839bc697c079a4af81cf878373abd7dc625847d25cbd8", size = 156338, upload-time = "2024-08-06T20:32:41.93Z" },
]

[[package]]
name = "ruff"
version = "0.9.5"
source = { registry = "https://pypi.org/simple" }
sdist = { url = "https://files.pythonhosted.org/packages/02/74/6c359f6b9ed85b88df6ef31febce18faeb852f6c9855651dfb1184a46845/ruff-0.9.5.tar.gz", hash = "sha256:11aecd7a633932875ab3cb05a484c99970b9d52606ce9ea912b690b02653d56c", size = 3634177, upload-time = "2025-02-06T19:47:15.41Z" }
wheels = [
    { url = "https://files.pythonhosted.org/packages/17/4b/82b7c9ac874e72b82b19fd7eab57d122e2df44d2478d90825854f9232d02/ruff-0.9.5-py3-none-linux_armv6l.whl", hash = "sha256:d466d2abc05f39018d53f681fa1c0ffe9570e6d73cde1b65d23bb557c846f442", size = 11681264, upload-time = "2025-02-06T19:46:16.452Z" },
    { url = "https://files.pythonhosted.org/packages/27/5c/f5ae0a9564e04108c132e1139d60491c0abc621397fe79a50b3dc0bd704b/ruff-0.9.5-py3-none-macosx_10_12_x86_64.whl", hash = "sha256:38840dbcef63948657fa7605ca363194d2fe8c26ce8f9ae12eee7f098c85ac8a", size = 11657554, upload-time = "2025-02-06T19:46:21.854Z" },
    { url = "https://files.pythonhosted.org/packages/2a/83/c6926fa3ccb97cdb3c438bb56a490b395770c750bf59f9bc1fe57ae88264/ruff-0.9.5-py3-none-macosx_11_0_arm64.whl", hash = "sha256:d56ba06da53536b575fbd2b56517f6f95774ff7be0f62c80b9e67430391eeb36", size = 11088959, upload-time = "2025-02-06T19:46:25.109Z" },
    { url = "https://files.pythonhosted.org/packages/af/a7/42d1832b752fe969ffdbfcb1b4cb477cb271bed5835110fb0a16ef31ab81/ruff-0.9.5-py3-none-manylinux_2_17_aarch64.manylinux2014_aarch64.whl", hash = "sha256:4f7cb2a01da08244c50b20ccfaeb5972e4228c3c3a1989d3ece2bc4b1f996001", size = 11902041, upload-time = "2025-02-06T19:46:29.288Z" },
    { url = "https://files.pythonhosted.org/packages/53/cf/1fffa09fb518d646f560ccfba59f91b23c731e461d6a4dedd21a393a1ff1/ruff-0.9.5-py3-none-manylinux_2_17_armv7l.manylinux2014_armv7l.whl", hash = "sha256:96d5c76358419bc63a671caac70c18732d4fd0341646ecd01641ddda5c39ca0b", size = 11421069, upload-time = "2025-02-06T19:46:32.947Z" },
    { url = "https://files.pythonhosted.org/packages/09/27/bb8f1b7304e2a9431f631ae7eadc35550fe0cf620a2a6a0fc4aa3d736f94/ruff-0.9.5-py3-none-manylinux_2_17_i686.manylinux2014_i686.whl", hash = "sha256:deb8304636ed394211f3a6d46c0e7d9535b016f53adaa8340139859b2359a070", size = 12625095, upload-time = "2025-02-06T19:46:36.015Z" },
    { url = "https://files.pythonhosted.org/packages/d7/ce/ab00bc9d3df35a5f1b64f5117458160a009f93ae5caf65894ebb63a1842d/ruff-0.9.5-py3-none-manylinux_2_17_ppc64.manylinux2014_ppc64.whl", hash = "sha256:df455000bf59e62b3e8c7ba5ed88a4a2bc64896f900f311dc23ff2dc38156440", size = 13257797, upload-time = "2025-02-06T19:46:39.556Z" },
    { url = "https://files.pythonhosted.org/packages/88/81/c639a082ae6d8392bc52256058ec60f493c6a4d06d5505bccface3767e61/ruff-0.9.5-py3-none-manylinux_2_17_ppc64le.manylinux2014_ppc64le.whl", hash = "sha256:de92170dfa50c32a2b8206a647949590e752aca8100a0f6b8cefa02ae29dce80", size = 12763793, upload-time = "2025-02-06T19:46:43.294Z" },
    { url = "https://files.pythonhosted.org/packages/b3/d0/0a3d8f56d1e49af466dc770eeec5c125977ba9479af92e484b5b0251ce9c/ruff-0.9.5-py3-none-manylinux_2_17_s390x.manylinux2014_s390x.whl", hash = "sha256:3d28532d73b1f3f627ba88e1456f50748b37f3a345d2be76e4c653bec6c3e393", size = 14386234, upload-time = "2025-02-06T19:46:47.062Z" },
    { url = "https://files.pythonhosted.org/packages/04/70/e59c192a3ad476355e7f45fb3a87326f5219cc7c472e6b040c6c6595c8f0/ruff-0.9.5-py3-none-manylinux_2_17_x86_64.manylinux2014_x86_64.whl", hash = "sha256:2c746d7d1df64f31d90503ece5cc34d7007c06751a7a3bbeee10e5f2463d52d2", size = 12437505, upload-time = "2025-02-06T19:46:49.986Z" },
    { url = "https://files.pythonhosted.org/packages/55/4e/3abba60a259d79c391713e7a6ccabf7e2c96e5e0a19100bc4204f1a43a51/ruff-0.9.5-py3-none-musllinux_1_2_aarch64.whl", hash = "sha256:11417521d6f2d121fda376f0d2169fb529976c544d653d1d6044f4c5562516ee", size = 11884799, upload-time = "2025-02-06T19:46:53.593Z" },
    { url = "https://files.pythonhosted.org/packages/a3/db/b0183a01a9f25b4efcae919c18fb41d32f985676c917008620ad692b9d5f/ruff-0.9.5-py3-none-musllinux_1_2_armv7l.whl", hash = "sha256:5b9d71c3879eb32de700f2f6fac3d46566f644a91d3130119a6378f9312a38e1", size = 11527411, upload-time = "2025-02-06T19:46:56.531Z" },
    { url = "https://files.pythonhosted.org/packages/0a/e4/3ebfcebca3dff1559a74c6becff76e0b64689cea02b7aab15b8b32ea245d/ruff-0.9.5-py3-none-musllinux_1_2_i686.whl", hash = "sha256:2e36c61145e70febcb78483903c43444c6b9d40f6d2f800b5552fec6e4a7bb9a", size = 12078868, upload-time = "2025-02-06T19:46:59.28Z" },
    { url = "https://files.pythonhosted.org/packages/ec/b2/5ab808833e06c0a1b0d046a51c06ec5687b73c78b116e8d77687dc0cd515/ruff-0.9.5-py3-none-musllinux_1_2_x86_64.whl", hash = "sha256:2f71d09aeba026c922aa7aa19a08d7bd27c867aedb2f74285a2639644c1c12f5", size = 12524374, upload-time = "2025-02-06T19:47:02.897Z" },
    { url = "https://files.pythonhosted.org/packages/e0/51/1432afcc3b7aa6586c480142caae5323d59750925c3559688f2a9867343f/ruff-0.9.5-py3-none-win32.whl", hash = "sha256:134f958d52aa6fdec3b294b8ebe2320a950d10c041473c4316d2e7d7c2544723", size = 9853682, upload-time = "2025-02-06T19:47:05.576Z" },
    { url = "https://files.pythonhosted.org/packages/b7/ad/c7a900591bd152bb47fc4882a27654ea55c7973e6d5d6396298ad3fd6638/ruff-0.9.5-py3-none-win_amd64.whl", hash = "sha256:78cc6067f6d80b6745b67498fb84e87d32c6fc34992b52bffefbdae3442967d6", size = 10865744, upload-time = "2025-02-06T19:47:09.205Z" },
    { url = "https://files.pythonhosted.org/packages/75/d9/fde7610abd53c0c76b6af72fc679cb377b27c617ba704e25da834e0a0608/ruff-0.9.5-py3-none-win_arm64.whl", hash = "sha256:18a29f1a005bddb229e580795627d297dfa99f16b30c7039e73278cf6b5f9fa9", size = 10064595, upload-time = "2025-02-06T19:47:12.071Z" },
]

[[package]]
name = "s3transfer"
version = "0.11.2"
source = { registry = "https://pypi.org/simple" }
dependencies = [
    { name = "botocore" },
]
sdist = { url = "https://files.pythonhosted.org/packages/62/45/2323b5928f86fd29f9afdcef4659f68fa73eaa5356912b774227f5cf46b5/s3transfer-0.11.2.tar.gz", hash = "sha256:3b39185cb72f5acc77db1a58b6e25b977f28d20496b6e58d6813d75f464d632f", size = 147885, upload-time = "2025-01-23T20:20:52.9Z" }
wheels = [
    { url = "https://files.pythonhosted.org/packages/1b/ac/e7dc469e49048dc57f62e0c555d2ee3117fa30813d2a1a2962cce3a2a82a/s3transfer-0.11.2-py3-none-any.whl", hash = "sha256:be6ecb39fadd986ef1701097771f87e4d2f821f27f6071c872143884d2950fbc", size = 84151, upload-time = "2025-01-23T20:20:50.982Z" },
]

[[package]]
name = "six"
version = "1.17.0"
source = { registry = "https://pypi.org/simple" }
sdist = { url = "https://files.pythonhosted.org/packages/94/e7/b2c673351809dca68a0e064b6af791aa332cf192da575fd474ed7d6f16a2/six-1.17.0.tar.gz", hash = "sha256:ff70335d468e7eb6ec65b95b99d3a2836546063f63acc5171de367e834932a81", size = 34031, upload-time = "2024-12-04T17:35:28.174Z" }
wheels = [
    { url = "https://files.pythonhosted.org/packages/b7/ce/149a00dd41f10bc29e5921b496af8b574d8413afcd5e30dfa0ed46c2cc5e/six-1.17.0-py2.py3-none-any.whl", hash = "sha256:4721f391ed90541fddacab5acf947aa0d3dc7d27b2e1e8eda2be8970586c3274", size = 11050, upload-time = "2024-12-04T17:35:26.475Z" },
]

[[package]]
name = "sqlglot"
version = "26.4.1"
source = { registry = "https://pypi.org/simple" }
sdist = { url = "https://files.pythonhosted.org/packages/86/38/a6b01d6f291c09dc4e17f87f131310cdc104a719910eca3878c893fcffa5/sqlglot-26.4.1.tar.gz", hash = "sha256:97cc367e364d0ac00a85ea1a1b7ff0e1a91e9e6e97c4824b34f3bf6b619ab3b0", size = 5315460, upload-time = "2025-02-03T18:48:00.685Z" }
wheels = [
    { url = "https://files.pythonhosted.org/packages/88/e4/0d9749dc9b837e47e19e5db12c8ca6b1f4f02c079145a8ab7278d0f5727d/sqlglot-26.4.1-py3-none-any.whl", hash = "sha256:c9dae7b974fdb88f443408ceac817a4627d9e8c33afdb2bb4ebdd87864b0d1ba", size = 447000, upload-time = "2025-02-03T18:47:57.207Z" },
]

[[package]]
name = "typeguard"
version = "2.13.3"
source = { registry = "https://pypi.org/simple" }
sdist = { url = "https://files.pythonhosted.org/packages/3a/38/c61bfcf62a7b572b5e9363a802ff92559cb427ee963048e1442e3aef7490/typeguard-2.13.3.tar.gz", hash = "sha256:00edaa8da3a133674796cf5ea87d9f4b4c367d77476e185e80251cc13dfbb8c4", size = 40604, upload-time = "2021-12-10T21:09:39.158Z" }
wheels = [
    { url = "https://files.pythonhosted.org/packages/9a/bb/d43e5c75054e53efce310e79d63df0ac3f25e34c926be5dffb7d283fb2a8/typeguard-2.13.3-py3-none-any.whl", hash = "sha256:5e3e3be01e887e7eafae5af63d1f36c849aaa94e3a0112097312aabfa16284f1", size = 17605, upload-time = "2021-12-10T21:09:37.844Z" },
]

[[package]]
name = "typing-extensions"
version = "4.12.2"
source = { registry = "https://pypi.org/simple" }
sdist = { url = "https://files.pythonhosted.org/packages/df/db/f35a00659bc03fec321ba8bce9420de607a1d37f8342eee1863174c69557/typing_extensions-4.12.2.tar.gz", hash = "sha256:1a7ead55c7e559dd4dee8856e3a88b41225abfe1ce8df57b7c13915fe121ffb8", size = 85321, upload-time = "2024-06-07T18:52:15.995Z" }
wheels = [
    { url = "https://files.pythonhosted.org/packages/26/9f/ad63fc0248c5379346306f8668cda6e2e2e9c95e01216d2b8ffd9ff037d0/typing_extensions-4.12.2-py3-none-any.whl", hash = "sha256:04e5ca0351e0f3f85c6853954072df659d0d13fac324d0072316b67d7794700d", size = 37438, upload-time = "2024-06-07T18:52:13.582Z" },
]

[[package]]
name = "urllib3"
version = "2.6.3"
source = { registry = "https://pypi.org/simple" }
sdist = { url = "https://files.pythonhosted.org/packages/c7/24/5f1b3bdffd70275f6661c76461e25f024d5a38a46f04aaca912426a2b1d3/urllib3-2.6.3.tar.gz", hash = "sha256:1b62b6884944a57dbe321509ab94fd4d3b307075e0c2eae991ac71ee15ad38ed", size = 435556, upload-time = "2026-01-07T16:24:43.925Z" }
wheels = [
    { url = "https://files.pythonhosted.org/packages/39/08/aaaad47bc4e9dc8c725e68f9d04865dbcb2052843ff09c97b08904852d84/urllib3-2.6.3-py3-none-any.whl", hash = "sha256:bf272323e553dfb2e87d9bfd225ca7b0f467b919d7bbd355436d3fd37cb0acd4", size = 131584, upload-time = "2026-01-07T16:24:42.685Z" },
]

[[package]]
name = "virtualenv"
version = "20.36.1"
source = { registry = "https://pypi.org/simple" }
dependencies = [
    { name = "distlib" },
    { name = "filelock" },
    { name = "platformdirs" },
]
sdist = { url = "https://files.pythonhosted.org/packages/aa/a3/4d310fa5f00863544e1d0f4de93bddec248499ccf97d4791bc3122c9d4f3/virtualenv-20.36.1.tar.gz", hash = "sha256:8befb5c81842c641f8ee658481e42641c68b5eab3521d8e092d18320902466ba", size = 6032239, upload-time = "2026-01-09T18:21:01.296Z" }
wheels = [
    { url = "https://files.pythonhosted.org/packages/6a/2a/dc2228b2888f51192c7dc766106cd475f1b768c10caaf9727659726f7391/virtualenv-20.36.1-py3-none-any.whl", hash = "sha256:575a8d6b124ef88f6f51d56d656132389f961062a9177016a50e4f507bbcc19f", size = 6008258, upload-time = "2026-01-09T18:20:59.425Z" },
]

[[package]]
name = "yamllint"
version = "1.37.0"
source = { registry = "https://pypi.org/simple" }
dependencies = [
    { name = "pathspec" },
    { name = "pyyaml" },
]
sdist = { url = "https://files.pythonhosted.org/packages/4e/82/b2b6fa4c3e24df501d14eff23100b37e6d9f80cbed80644de4d1260ff402/yamllint-1.37.0.tar.gz", hash = "sha256:ead81921d4d87216b2528b7a055664708f9fb8267beb0c427cb706ac6ab93580", size = 141202, upload-time = "2025-03-23T09:21:43.881Z" }
wheels = [
    { url = "https://files.pythonhosted.org/packages/7f/ed/7596a24148f05d97a9c09934c727437b07a941aad96b21f173539840984c/yamllint-1.37.0-py3-none-any.whl", hash = "sha256:c03ab4e79ab4af964c8eb16ac9746880fc76a3bb0ffb14925b9a55220ae7dda0", size = 68695, upload-time = "2025-03-23T09:21:42.214Z" },
]
