version = 1
revision = 3
requires-python = "==3.12.*"

[[package]]
name = "attrs"
version = "25.4.0"
source = { registry = "https://pypi.org/simple" }
sdist = { url = "https://files.pythonhosted.org/packages/6b/5c/685e6633917e101e5dcb62b9dd76946cbb57c26e133bae9e0cd36033c0a9/attrs-25.4.0.tar.gz", hash = "sha256:16d5969b87f0859ef33a48b35d55ac1be6e42ae49d5e853b597db70c35c57e11", size = 934251, upload-time = "2025-10-06T13:54:44.725Z" }
wheels = [
    { url = "https://files.pythonhosted.org/packages/3a/2a/7cc015f5b9f5db42b7d48157e23356022889fc354a2813c15934b7cb5c0e/attrs-25.4.0-py3-none-any.whl", hash = "sha256:adcf7e2a1fb3b36ac48d97835bb6d8ade15b8dcce26aba8bf1d14847b57a3373", size = 67615, upload-time = "2025-10-06T13:54:43.17Z" },
]

[[package]]
name = "aws-cdk-asset-awscli-v1"
version = "2.2.257"
source = { registry = "https://pypi.org/simple" }
dependencies = [
    { name = "jsii" },
    { name = "publication" },
    { name = "typeguard" },
]
sdist = { url = "https://files.pythonhosted.org/packages/a5/ad/3d801f7249e8bef1bb190d58dbdd75a8180e64f74e724220b790d3770d4e/aws_cdk_asset_awscli_v1-2.2.257.tar.gz", hash = "sha256:1f33ba28c1d3874d3a71c95f7b94ecbb102c9bd60c4e1ff696311a47a0f56c35", size = 19746750, upload-time = "2025-10-20T16:04:55.018Z" }
wheels = [
    { url = "https://files.pythonhosted.org/packages/9d/1c/ecb54c68235e7b7bc540537c5de913a6b1f73fd7ed8fead8361563d9bf29/aws_cdk_asset_awscli_v1-2.2.257-py3-none-any.whl", hash = "sha256:d4ca5f5772a45e519100c7292e6f0a1dddff8c7eb6f3e4b79b6d42047dd588f8", size = 19745220, upload-time = "2025-10-20T16:04:52.329Z" },
]

[[package]]
name = "aws-cdk-asset-kubectl-v20"
version = "2.1.4"
source = { registry = "https://pypi.org/simple" }
dependencies = [
    { name = "jsii" },
    { name = "publication" },
    { name = "typeguard" },
]
sdist = { url = "https://files.pythonhosted.org/packages/cf/c8/c08645a596532f668a8f2df05e39ea08e00d688919807c0b8dd360e233b5/aws_cdk_asset_kubectl_v20-2.1.4.tar.gz", hash = "sha256:c723c94c6c89283efef779ca44bea8e2e312d49b07bf5beaf6f27340e1fecff4", size = 25455889, upload-time = "2025-02-07T22:10:41.719Z" }
wheels = [
    { url = "https://files.pythonhosted.org/packages/eb/c7/7b272bc17bdc2079423ad39639832e37d547b53e8708479ec98768a9090e/aws_cdk.asset_kubectl_v20-2.1.4-py3-none-any.whl", hash = "sha256:14a194e14adbf3868a8105b07e8714e10e6621a22beca9b4859a82a9cfbe68f6", size = 25454444, upload-time = "2025-02-07T22:10:37.247Z" },
]

[[package]]
name = "aws-cdk-asset-node-proxy-agent-v6"
version = "2.1.0"
source = { registry = "https://pypi.org/simple" }
dependencies = [
    { name = "jsii" },
    { name = "publication" },
    { name = "typeguard" },
]
sdist = { url = "https://files.pythonhosted.org/packages/d5/ab/09ac3ecc0067988d02398328e088d66cbe8555c991563c8ddfa1db5296ae/aws_cdk_asset_node_proxy_agent_v6-2.1.0.tar.gz", hash = "sha256:1f292c0631f86708ba4ee328b3a2b229f7e46ea1c79fbde567ee9eb119c2b0e2", size = 1540231, upload-time = "2024-09-03T09:36:51.634Z" }
wheels = [
    { url = "https://files.pythonhosted.org/packages/8d/86/1817a6da223aa80aeb94a504f07f930170284694b18f6053729e9930cc6a/aws_cdk.asset_node_proxy_agent_v6-2.1.0-py3-none-any.whl", hash = "sha256:24a388b69a44d03bae6dbf864c4e25ba650d4b61c008b4568b94ffbb9a69e40e", size = 1538724, upload-time = "2024-09-03T09:36:49.8Z" },
]

[[package]]
name = "aws-cdk-aws-glue-alpha"
version = "2.178.1a0"
source = { registry = "https://pypi.org/simple" }
dependencies = [
    { name = "aws-cdk-lib" },
    { name = "constructs" },
    { name = "jsii" },
    { name = "publication" },
    { name = "typeguard" },
]
sdist = { url = "https://files.pythonhosted.org/packages/40/b5/17b2eb41b25e1d6b6a9c8618a950f9e018c63bad22c718c7c2c07fee714d/aws_cdk_aws_glue_alpha-2.178.1a0.tar.gz", hash = "sha256:8980194b67a68971201079d53c5be079d5b5e6c948705d8d66214eb20ae2e2f2", size = 433620, upload-time = "2025-02-07T01:04:10.977Z" }
wheels = [
    { url = "https://files.pythonhosted.org/packages/a1/dc/34f6cc15177fe7f63a1a0dd1f987e321f1cd7f3453d87656177e969e4a91/aws_cdk.aws_glue_alpha-2.178.1a0-py3-none-any.whl", hash = "sha256:65be7284ae0be0bdfc18b433521061d6c7a9bbfd44158236b9f27090be033c54", size = 417731, upload-time = "2025-02-07T01:03:07.016Z" },
]

[[package]]
name = "aws-cdk-aws-kinesisfirehose-alpha"
version = "2.178.1a0"
source = { registry = "https://pypi.org/simple" }
dependencies = [
    { name = "aws-cdk-lib" },
    { name = "constructs" },
    { name = "jsii" },
    { name = "publication" },
    { name = "typeguard" },
]
sdist = { url = "https://files.pythonhosted.org/packages/54/0f/a07985bdf0ca575a4f42fc9442f09c56b9456f941b77b81299a14f5c7035/aws_cdk_aws_kinesisfirehose_alpha-2.178.1a0.tar.gz", hash = "sha256:00ae6392f4f87ede0b731c44c76fac031c95dd9d10b77dc75230564a7478bcbd", size = 127744, upload-time = "2025-02-07T01:04:18.927Z" }
wheels = [
    { url = "https://files.pythonhosted.org/packages/ad/34/e98390b573065634723d91a41a6f53a5a0ab30ce80339698d8a97b21ae4b/aws_cdk.aws_kinesisfirehose_alpha-2.178.1a0-py3-none-any.whl", hash = "sha256:87b2b889a652aeda509b09b75d28ab317d6b71d41681406ba55a7f8d39c85d55", size = 118618, upload-time = "2025-02-07T01:03:18.455Z" },
]

[[package]]
name = "aws-cdk-aws-lambda-python-alpha"
version = "2.178.1a0"
source = { registry = "https://pypi.org/simple" }
dependencies = [
    { name = "aws-cdk-lib" },
    { name = "constructs" },
    { name = "jsii" },
    { name = "publication" },
    { name = "typeguard" },
]
sdist = { url = "https://files.pythonhosted.org/packages/19/b9/d22d6007cc5eb0fcb4aa785242efb2169ae913c933b23888bf9b1a5a213b/aws_cdk_aws_lambda_python_alpha-2.178.1a0.tar.gz", hash = "sha256:5a044728935bd584f15cc168491e5424e550135f5729ee7fd29e48e6ce41434b", size = 85183, upload-time = "2025-02-07T01:04:23.489Z" }
wheels = [
    { url = "https://files.pythonhosted.org/packages/ba/dc/7aac9d76962555527ee4740a5146a55031e4ed87de6c8346c3069f346fe7/aws_cdk.aws_lambda_python_alpha-2.178.1a0-py3-none-any.whl", hash = "sha256:15560cc63d85f51dc09b42deb60066cd5cd1d9cb7d744f7808833f58d6a8ab8a", size = 84578, upload-time = "2025-02-07T01:03:23Z" },
]

[[package]]
name = "aws-cdk-aws-pipes-alpha"
version = "2.178.1a0"
source = { registry = "https://pypi.org/simple" }
dependencies = [
    { name = "aws-cdk-aws-kinesisfirehose-alpha" },
    { name = "aws-cdk-lib" },
    { name = "constructs" },
    { name = "jsii" },
    { name = "publication" },
    { name = "typeguard" },
]
sdist = { url = "https://files.pythonhosted.org/packages/89/9a/ff400fb834613600a2d3f4472644b3d1d74837ddb546c09b7855e214fe6a/aws_cdk_aws_pipes_alpha-2.178.1a0.tar.gz", hash = "sha256:5337c57edd99ac020f16a717f21a2617715742fa585ad16f3c89cdccb539729e", size = 123132, upload-time = "2025-02-07T01:04:31.899Z" }
wheels = [
    { url = "https://files.pythonhosted.org/packages/c1/d8/f4834dbc1205c4a1190498fc42e65ccf6bf9e40d5cf038f698230acc93ef/aws_cdk.aws_pipes_alpha-2.178.1a0-py3-none-any.whl", hash = "sha256:07902da0aa28e961aa56d388b7af638a0dca80c275f611c2730f20e66d2acf64", size = 121376, upload-time = "2025-02-07T01:03:28.311Z" },
]

[[package]]
name = "aws-cdk-aws-pipes-sources-alpha"
version = "2.178.1a0"
source = { registry = "https://pypi.org/simple" }
dependencies = [
    { name = "aws-cdk-aws-pipes-alpha" },
    { name = "aws-cdk-lib" },
    { name = "constructs" },
    { name = "jsii" },
    { name = "publication" },
    { name = "typeguard" },
]
sdist = { url = "https://files.pythonhosted.org/packages/c1/dc/25b6286f847e7bd828fd5ac93c18520b4b2810b829f5fb926764aae4eea3/aws_cdk_aws_pipes_sources_alpha-2.178.1a0.tar.gz", hash = "sha256:ee0b6c334f77c40c368d60ea810f3dcb60c1f1c74958d7730ef96b0e2848d5df", size = 57353, upload-time = "2025-02-07T01:04:33.774Z" }
wheels = [
    { url = "https://files.pythonhosted.org/packages/ba/62/0acf20c341c06fd777dc600edcbb721e862aa64d44ba43f44a050143e5f7/aws_cdk.aws_pipes_sources_alpha-2.178.1a0-py3-none-any.whl", hash = "sha256:f3ea3f45f013043c7c19ed0706bec983b523b81dcf1aa2092ba96cc754ef88d1", size = 56185, upload-time = "2025-02-07T01:03:31.618Z" },
]

[[package]]
name = "aws-cdk-aws-pipes-targets-alpha"
version = "2.178.1a0"
source = { registry = "https://pypi.org/simple" }
dependencies = [
    { name = "aws-cdk-aws-pipes-alpha" },
    { name = "aws-cdk-lib" },
    { name = "constructs" },
    { name = "jsii" },
    { name = "publication" },
    { name = "typeguard" },
]
sdist = { url = "https://files.pythonhosted.org/packages/d9/6b/1d5a3d2e4ad18b6b86d6f50c34fb6721e39597e2825ce00d4d529c44bc14/aws_cdk_aws_pipes_targets_alpha-2.178.1a0.tar.gz", hash = "sha256:4896df624585b73dafd877aca975a7f9a4f68ba6784b560cb9902b462bb453bd", size = 78897, upload-time = "2025-02-07T01:04:35.394Z" }
wheels = [
    { url = "https://files.pythonhosted.org/packages/8c/b0/95b84414d651965381664acf5d9024330a9fd2d429555938b2c13ae70d97/aws_cdk.aws_pipes_targets_alpha-2.178.1a0-py3-none-any.whl", hash = "sha256:06e453702fd7a466caad8390e7cc7a2a1ba0ffa2506627e30458c4c477f8a6e4", size = 77476, upload-time = "2025-02-07T01:03:33.287Z" },
]

[[package]]
name = "aws-cdk-cloud-assembly-schema"
version = "39.2.20"
source = { registry = "https://pypi.org/simple" }
dependencies = [
    { name = "jsii" },
    { name = "publication" },
    { name = "typeguard" },
]
sdist = { url = "https://files.pythonhosted.org/packages/ac/a5/929cf149f9224c42cec11b835361d371faeaedfcac17453f2aeb02c5783a/aws_cdk_cloud_assembly_schema-39.2.20.tar.gz", hash = "sha256:e110b22f961d15c25a9099590375280c0b45637c8325ade9b570a0ef11e6e907", size = 188301, upload-time = "2025-02-10T00:25:58.23Z" }
wheels = [
    { url = "https://files.pythonhosted.org/packages/54/62/8d34bd0750a2ad9e6d59548119c0230274c225b0a7d0340be1db8d831753/aws_cdk.cloud_assembly_schema-39.2.20-py3-none-any.whl", hash = "sha256:7b1ab0593fbfaac4ff0d5d0aa6a3b54185e0286f4aa68376557cac2d50c59183", size = 187292, upload-time = "2025-02-10T00:25:55.559Z" },
]

[[package]]
name = "aws-cdk-lib"
version = "2.178.1"
source = { registry = "https://pypi.org/simple" }
dependencies = [
    { name = "aws-cdk-asset-awscli-v1" },
    { name = "aws-cdk-asset-kubectl-v20" },
    { name = "aws-cdk-asset-node-proxy-agent-v6" },
    { name = "aws-cdk-cloud-assembly-schema" },
    { name = "constructs" },
    { name = "jsii" },
    { name = "publication" },
    { name = "typeguard" },
]
sdist = { url = "https://files.pythonhosted.org/packages/94/fd/1d0f59b6a6c0012f2061c6f356d3aea4dcb051b9d3fa5ee0fb331538544d/aws_cdk_lib-2.178.1.tar.gz", hash = "sha256:c5ae0305d0c20093941ab77e7c6847d5ec8baaf98469c4b04901a0d2a3746f32", size = 39471150, upload-time = "2025-02-07T01:04:52.493Z" }
wheels = [
    { url = "https://files.pythonhosted.org/packages/76/33/fc190ca760d30f8bc126744ee7ab05b700b1226bf6c8a8263d98d0326eee/aws_cdk_lib-2.178.1-py3-none-any.whl", hash = "sha256:882feb0ae77fadc8fb8951649d12608bd2d776f6730e1c21cd6655615a234ae2", size = 39752144, upload-time = "2025-02-07T01:03:54.77Z" },
]

[[package]]
name = "boto3"
version = "1.42.11"
source = { registry = "https://pypi.org/simple" }
dependencies = [
    { name = "botocore" },
    { name = "jmespath" },
    { name = "s3transfer" },
]
sdist = { url = "https://files.pythonhosted.org/packages/7a/4b/4ba41473e749f2379b403cf78b5ff9c5e1f291b33cc930d851dd89e0f939/boto3-1.42.11.tar.gz", hash = "sha256:2537d9462b70f4432385202709d1c8aa2291f802cfd8588d33334112116c554a", size = 112810, upload-time = "2025-12-16T21:22:55.696Z" }
wheels = [
    { url = "https://files.pythonhosted.org/packages/83/dc/9c8bb4f834ab7ee4ef9ca385caa8309222adc58141aa26fe2a2b24e3678d/boto3-1.42.11-py3-none-any.whl", hash = "sha256:54939f7fc1b2777771c2a66ecc77025b2af86e567b5cf68d30dc3838205f0a4a", size = 140572, upload-time = "2025-12-16T21:22:53.935Z" },
]

[[package]]
name = "botocore"
version = "1.42.11"
source = { registry = "https://pypi.org/simple" }
dependencies = [
    { name = "jmespath" },
    { name = "python-dateutil" },
    { name = "urllib3" },
]
sdist = { url = "https://files.pythonhosted.org/packages/62/0f/33d611ac88b189ef952a9a4f733317c239acb2eee23ed749861cd1b1973e/botocore-1.42.11.tar.gz", hash = "sha256:4c5278b9e0f6217f428aade811d409e321782bd14f0a202ff95a298d841be1f7", size = 14873233, upload-time = "2025-12-16T21:22:44.686Z" }
wheels = [
    { url = "https://files.pythonhosted.org/packages/8e/6f/a50324c3fbd3385a7a047379dcb18ccb35de6f9712433f626be14d90ec22/botocore-1.42.11-py3-none-any.whl", hash = "sha256:73b0796870f16ccd44729c767ade20e8ed62b31b3aa2be07b35377338dcf6d7c", size = 14546866, upload-time = "2025-12-16T21:22:40.359Z" },
]

[[package]]
name = "cattrs"
version = "25.3.0"
source = { registry = "https://pypi.org/simple" }
dependencies = [
    { name = "attrs" },
    { name = "typing-extensions" },
]
sdist = { url = "https://files.pythonhosted.org/packages/6e/00/2432bb2d445b39b5407f0a90e01b9a271475eea7caf913d7a86bcb956385/cattrs-25.3.0.tar.gz", hash = "sha256:1ac88d9e5eda10436c4517e390a4142d88638fe682c436c93db7ce4a277b884a", size = 509321, upload-time = "2025-10-07T12:26:08.737Z" }
wheels = [
    { url = "https://files.pythonhosted.org/packages/d8/2b/a40e1488fdfa02d3f9a653a61a5935ea08b3c2225ee818db6a76c7ba9695/cattrs-25.3.0-py3-none-any.whl", hash = "sha256:9896e84e0a5bf723bc7b4b68f4481785367ce07a8a02e7e9ee6eb2819bc306ff", size = 70738, upload-time = "2025-10-07T12:26:06.603Z" },
]

[[package]]
name = "cfgv"
version = "3.5.0"
source = { registry = "https://pypi.org/simple" }
sdist = { url = "https://files.pythonhosted.org/packages/4e/b5/721b8799b04bf9afe054a3899c6cf4e880fcf8563cc71c15610242490a0c/cfgv-3.5.0.tar.gz", hash = "sha256:d5b1034354820651caa73ede66a6294d6e95c1b00acc5e9b098e917404669132", size = 7334, upload-time = "2025-11-19T20:55:51.612Z" }
wheels = [
    { url = "https://files.pythonhosted.org/packages/db/3c/33bac158f8ab7f89b2e59426d5fe2e4f63f7ed25df84c036890172b412b5/cfgv-3.5.0-py2.py3-none-any.whl", hash = "sha256:a8dc6b26ad22ff227d2634a65cb388215ce6cc96bbcc5cfde7641ae87e8dacc0", size = 7445, upload-time = "2025-11-19T20:55:50.744Z" },
]

[[package]]
name = "constructs"
version = "10.4.3"
source = { registry = "https://pypi.org/simple" }
dependencies = [
    { name = "jsii" },
    { name = "publication" },
    { name = "typeguard" },
]
sdist = { url = "https://files.pythonhosted.org/packages/7a/e1/48a63ea310ac999005368aa72f52be520210526002f3f0cfcb7aaa9477ee/constructs-10.4.3.tar.gz", hash = "sha256:bfe3657b0acb62af7aa1fda9a7e338ae5cae84ddf8f84f71125a2a3800d52ea0", size = 64486, upload-time = "2025-11-06T15:48:25.039Z" }
wheels = [
    { url = "https://files.pythonhosted.org/packages/97/94/a5ce72d63276d3baa47592d3d12afc33f9e5d8f4ddd7bb2ec0012255037f/constructs-10.4.3-py3-none-any.whl", hash = "sha256:43bbefa1ac1c044577d0b1a30648fe5b49557b8b95de2648186f6b909febf7f9", size = 62659, upload-time = "2025-11-06T15:48:21.966Z" },
]

[[package]]
name = "dc-data-baker"
version = "0.0.0"
source = { virtual = "." }
dependencies = [
    { name = "aws-cdk-aws-glue-alpha" },
    { name = "aws-cdk-aws-lambda-python-alpha" },
    { name = "aws-cdk-aws-pipes-alpha" },
    { name = "aws-cdk-aws-pipes-sources-alpha" },
    { name = "aws-cdk-aws-pipes-targets-alpha" },
    { name = "aws-cdk-lib" },
    { name = "boto3" },
    { name = "graphviz" },
    { name = "sqlglot" },
]

[package.dev-dependencies]
dev = [
    { name = "pre-commit" },
    { name = "ruff" },
    { name = "yamllint" },
]

[package.metadata]
requires-dist = [
    { name = "aws-cdk-aws-glue-alpha", specifier = "==2.178.1a0" },
    { name = "aws-cdk-aws-lambda-python-alpha", specifier = "==2.178.1a0" },
    { name = "aws-cdk-aws-pipes-alpha", specifier = ">=2.178.1a0" },
    { name = "aws-cdk-aws-pipes-sources-alpha", specifier = ">=2.178.1a0" },
    { name = "aws-cdk-aws-pipes-targets-alpha", specifier = ">=2.178.1a0" },
    { name = "aws-cdk-lib", specifier = "==2.178.1" },
    { name = "boto3", specifier = ">=1.36.18" },
    { name = "graphviz", specifier = "==0.20.3" },
    { name = "sqlglot", specifier = "==26.4.1" },
]

[package.metadata.requires-dev]
dev = [
    { name = "pre-commit", specifier = "==4.1.0" },
    { name = "ruff", specifier = "==0.9.5" },
    { name = "yamllint", specifier = ">=1.37.0" },
]

[[package]]
name = "distlib"
version = "0.4.0"
source = { registry = "https://pypi.org/simple" }
sdist = { url = "https://files.pythonhosted.org/packages/96/8e/709914eb2b5749865801041647dc7f4e6d00b549cfe88b65ca192995f07c/distlib-0.4.0.tar.gz", hash = "sha256:feec40075be03a04501a973d81f633735b4b69f98b05450592310c0f401a4e0d", size = 614605, upload-time = "2025-07-17T16:52:00.465Z" }
wheels = [
    { url = "https://files.pythonhosted.org/packages/33/6b/e0547afaf41bf2c42e52430072fa5658766e3d65bd4b03a563d1b6336f57/distlib-0.4.0-py2.py3-none-any.whl", hash = "sha256:9659f7d87e46584a30b5780e43ac7a2143098441670ff0a49d5f9034c54a6c16", size = 469047, upload-time = "2025-07-17T16:51:58.613Z" },
]

[[package]]
name = "filelock"
version = "3.20.1"
source = { registry = "https://pypi.org/simple" }
sdist = { url = "https://files.pythonhosted.org/packages/a7/23/ce7a1126827cedeb958fc043d61745754464eb56c5937c35bbf2b8e26f34/filelock-3.20.1.tar.gz", hash = "sha256:b8360948b351b80f420878d8516519a2204b07aefcdcfd24912a5d33127f188c", size = 19476, upload-time = "2025-12-15T23:54:28.027Z" }
wheels = [
    { url = "https://files.pythonhosted.org/packages/e3/7f/a1a97644e39e7316d850784c642093c99df1290a460df4ede27659056834/filelock-3.20.1-py3-none-any.whl", hash = "sha256:15d9e9a67306188a44baa72f569d2bfd803076269365fdea0934385da4dc361a", size = 16666, upload-time = "2025-12-15T23:54:26.874Z" },
]

[[package]]
name = "graphviz"
version = "0.20.3"
source = { registry = "https://pypi.org/simple" }
sdist = { url = "https://files.pythonhosted.org/packages/fa/83/5a40d19b8347f017e417710907f824915fba411a9befd092e52746b63e9f/graphviz-0.20.3.zip", hash = "sha256:09d6bc81e6a9fa392e7ba52135a9d49f1ed62526f96499325930e87ca1b5925d", size = 256455, upload-time = "2024-03-21T07:50:45.772Z" }
wheels = [
    { url = "https://files.pythonhosted.org/packages/00/be/d59db2d1d52697c6adc9eacaf50e8965b6345cc143f671e1ed068818d5cf/graphviz-0.20.3-py3-none-any.whl", hash = "sha256:81f848f2904515d8cd359cc611faba817598d2feaac4027b266aa3eda7b3dde5", size = 47126, upload-time = "2024-03-21T07:50:43.091Z" },
]

[[package]]
name = "identify"
version = "2.6.15"
source = { registry = "https://pypi.org/simple" }
sdist = { url = "https://files.pythonhosted.org/packages/ff/e7/685de97986c916a6d93b3876139e00eef26ad5bbbd61925d670ae8013449/identify-2.6.15.tar.gz", hash = "sha256:e4f4864b96c6557ef2a1e1c951771838f4edc9df3a72ec7118b338801b11c7bf", size = 99311, upload-time = "2025-10-02T17:43:40.631Z" }
wheels = [
    { url = "https://files.pythonhosted.org/packages/0f/1c/e5fd8f973d4f375adb21565739498e2e9a1e54c858a97b9a8ccfdc81da9b/identify-2.6.15-py2.py3-none-any.whl", hash = "sha256:1181ef7608e00704db228516541eb83a88a9f94433a8c80bb9b5bd54b1d81757", size = 99183, upload-time = "2025-10-02T17:43:39.137Z" },
]

[[package]]
name = "importlib-resources"
version = "6.5.2"
source = { registry = "https://pypi.org/simple" }
sdist = { url = "https://files.pythonhosted.org/packages/cf/8c/f834fbf984f691b4f7ff60f50b514cc3de5cc08abfc3295564dd89c5e2e7/importlib_resources-6.5.2.tar.gz", hash = "sha256:185f87adef5bcc288449d98fb4fba07cea78bc036455dd44c5fc4a2fe78fed2c", size = 44693, upload-time = "2025-01-03T18:51:56.698Z" }
wheels = [
    { url = "https://files.pythonhosted.org/packages/a4/ed/1f1afb2e9e7f38a545d628f864d562a5ae64fe6f7a10e28ffb9b185b4e89/importlib_resources-6.5.2-py3-none-any.whl", hash = "sha256:789cfdc3ed28c78b67a06acb8126751ced69a3d5f79c095a98298cd8a760ccec", size = 37461, upload-time = "2025-01-03T18:51:54.306Z" },
]

[[package]]
name = "jmespath"
version = "1.0.1"
source = { registry = "https://pypi.org/simple" }
sdist = { url = "https://files.pythonhosted.org/packages/00/2a/e867e8531cf3e36b41201936b7fa7ba7b5702dbef42922193f05c8976cd6/jmespath-1.0.1.tar.gz", hash = "sha256:90261b206d6defd58fdd5e85f478bf633a2901798906be2ad389150c5c60edbe", size = 25843, upload-time = "2022-06-17T18:00:12.224Z" }
wheels = [
    { url = "https://files.pythonhosted.org/packages/31/b4/b9b800c45527aadd64d5b442f9b932b00648617eb5d63d2c7a6587b7cafc/jmespath-1.0.1-py3-none-any.whl", hash = "sha256:02e2e4cc71b5bcab88332eebf907519190dd9e6e82107fa7f83b1003a6252980", size = 20256, upload-time = "2022-06-17T18:00:10.251Z" },
]

[[package]]
name = "jsii"
version = "1.119.0"
source = { registry = "https://pypi.org/simple" }
dependencies = [
    { name = "attrs" },
    { name = "cattrs" },
    { name = "importlib-resources" },
    { name = "publication" },
    { name = "python-dateutil" },
    { name = "typeguard" },
    { name = "typing-extensions" },
]
sdist = { url = "https://files.pythonhosted.org/packages/a7/60/68bf5e617e94a584d2de483bd9162ad408a3a926e8de018bac36e375efec/jsii-1.119.0.tar.gz", hash = "sha256:9f87508908bfa51dd9aac59fdbbeff347ae76377758ea5e5f83f149052211514", size = 625546, upload-time = "2025-11-10T14:35:44.494Z" }
wheels = [
    { url = "https://files.pythonhosted.org/packages/67/0e/ea1db75bcf2f1cf3556110ac60c88ef933bb5b910fa69ec008f726533a7f/jsii-1.119.0-py3-none-any.whl", hash = "sha256:9203200ed5289ecc6198783513cbd7abef53d4f6eac0046181d647fa56eda6ab", size = 601792, upload-time = "2025-11-10T14:35:43.103Z" },
]

[[package]]
name = "nodeenv"
version = "1.9.1"
source = { registry = "https://pypi.org/simple" }
sdist = { url = "https://files.pythonhosted.org/packages/43/16/fc88b08840de0e0a72a2f9d8c6bae36be573e475a6326ae854bcc549fc45/nodeenv-1.9.1.tar.gz", hash = "sha256:6ec12890a2dab7946721edbfbcd91f3319c6ccc9aec47be7c7e6b7011ee6645f", size = 47437, upload-time = "2024-06-04T18:44:11.171Z" }
wheels = [
    { url = "https://files.pythonhosted.org/packages/d2/1d/1b658dbd2b9fa9c4c9f32accbfc0205d532c8c6194dc0f2a4c0428e7128a/nodeenv-1.9.1-py2.py3-none-any.whl", hash = "sha256:ba11c9782d29c27c70ffbdda2d7415098754709be8a7056d79a737cd901155c9", size = 22314, upload-time = "2024-06-04T18:44:08.352Z" },
]

[[package]]
name = "pathspec"
version = "0.12.1"
source = { registry = "https://pypi.org/simple" }
sdist = { url = "https://files.pythonhosted.org/packages/ca/bc/f35b8446f4531a7cb215605d100cd88b7ac6f44ab3fc94870c120ab3adbf/pathspec-0.12.1.tar.gz", hash = "sha256:a482d51503a1ab33b1c67a6c3813a26953dbdc71c31dacaef9a838c4e29f5712", size = 51043, upload-time = "2023-12-10T22:30:45Z" }
wheels = [
    { url = "https://files.pythonhosted.org/packages/cc/20/ff623b09d963f88bfde16306a54e12ee5ea43e9b597108672ff3a408aad6/pathspec-0.12.1-py3-none-any.whl", hash = "sha256:a0d503e138a4c123b27490a4f7beda6a01c6f288df0e4a8b79c7eb0dc7b4cc08", size = 31191, upload-time = "2023-12-10T22:30:43.14Z" },
]

[[package]]
name = "platformdirs"
version = "4.5.1"
source = { registry = "https://pypi.org/simple" }
sdist = { url = "https://files.pythonhosted.org/packages/cf/86/0248f086a84f01b37aaec0fa567b397df1a119f73c16f6c7a9aac73ea309/platformdirs-4.5.1.tar.gz", hash = "sha256:61d5cdcc6065745cdd94f0f878977f8de9437be93de97c1c12f853c9c0cdcbda", size = 21715, upload-time = "2025-12-05T13:52:58.638Z" }
wheels = [
    { url = "https://files.pythonhosted.org/packages/cb/28/3bfe2fa5a7b9c46fe7e13c97bda14c895fb10fa2ebf1d0abb90e0cea7ee1/platformdirs-4.5.1-py3-none-any.whl", hash = "sha256:d03afa3963c806a9bed9d5125c8f4cb2fdaf74a55ab60e5d59b3fde758104d31", size = 18731, upload-time = "2025-12-05T13:52:56.823Z" },
]

[[package]]
name = "pre-commit"
version = "4.1.0"
source = { registry = "https://pypi.org/simple" }
dependencies = [
    { name = "cfgv" },
    { name = "identify" },
    { name = "nodeenv" },
    { name = "pyyaml" },
    { name = "virtualenv" },
]
sdist = { url = "https://files.pythonhosted.org/packages/2a/13/b62d075317d8686071eb843f0bb1f195eb332f48869d3c31a4c6f1e063ac/pre_commit-4.1.0.tar.gz", hash = "sha256:ae3f018575a588e30dfddfab9a05448bfbd6b73d78709617b5a2b853549716d4", size = 193330, upload-time = "2025-01-20T18:31:48.681Z" }
wheels = [
    { url = "https://files.pythonhosted.org/packages/43/b3/df14c580d82b9627d173ceea305ba898dca135feb360b6d84019d0803d3b/pre_commit-4.1.0-py2.py3-none-any.whl", hash = "sha256:d29e7cb346295bcc1cc75fc3e92e343495e3ea0196c9ec6ba53f49f10ab6ae7b", size = 220560, upload-time = "2025-01-20T18:31:47.319Z" },
]

[[package]]
name = "publication"
version = "0.0.3"
source = { registry = "https://pypi.org/simple" }
sdist = { url = "https://files.pythonhosted.org/packages/6b/8e/8c9fe7e32fdf9c386f83d59610cc819a25dadb874b5920f2d0ef7d35f46d/publication-0.0.3.tar.gz", hash = "sha256:68416a0de76dddcdd2930d1c8ef853a743cc96c82416c4e4d3b5d901c6276dc4", size = 5484, upload-time = "2019-01-15T07:52:23.914Z" }
wheels = [
    { url = "https://files.pythonhosted.org/packages/f8/d3/6308debad7afcdb3ea5f50b4b3d852f41eb566a311fbcb4da23755a28155/publication-0.0.3-py2.py3-none-any.whl", hash = "sha256:0248885351febc11d8a1098d5c8e3ab2dabcf3e8c0c96db1e17ecd12b53afbe6", size = 7687, upload-time = "2019-01-15T07:52:22.151Z" },
]

[[package]]
name = "python-dateutil"
version = "2.9.0.post0"
source = { registry = "https://pypi.org/simple" }
dependencies = [
    { name = "six" },
]
sdist = { url = "https://files.pythonhosted.org/packages/66/c0/0c8b6ad9f17a802ee498c46e004a0eb49bc148f2fd230864601a86dcf6db/python-dateutil-2.9.0.post0.tar.gz", hash = "sha256:37dd54208da7e1cd875388217d5e00ebd4179249f90fb72437e91a35459a0ad3", size = 342432, upload-time = "2024-03-01T18:36:20.211Z" }
wheels = [
    { url = "https://files.pythonhosted.org/packages/ec/57/56b9bcc3c9c6a792fcbaf139543cee77261f3651ca9da0c93f5c1221264b/python_dateutil-2.9.0.post0-py2.py3-none-any.whl", hash = "sha256:a8b2bc7bffae282281c8140a97d3aa9c14da0b136dfe83f850eea9a5f7470427", size = 229892, upload-time = "2024-03-01T18:36:18.57Z" },
]

[[package]]
name = "pyyaml"
version = "6.0.3"
source = { registry = "https://pypi.org/simple" }
sdist = { url = "https://files.pythonhosted.org/packages/05/8e/961c0007c59b8dd7729d542c61a4d537767a59645b82a0b521206e1e25c2/pyyaml-6.0.3.tar.gz", hash = "sha256:d76623373421df22fb4cf8817020cbb7ef15c725b9d5e45f17e189bfc384190f", size = 130960, upload-time = "2025-09-25T21:33:16.546Z" }
wheels = [
    { url = "https://files.pythonhosted.org/packages/d1/33/422b98d2195232ca1826284a76852ad5a86fe23e31b009c9886b2d0fb8b2/pyyaml-6.0.3-cp312-cp312-macosx_10_13_x86_64.whl", hash = "sha256:7f047e29dcae44602496db43be01ad42fc6f1cc0d8cd6c83d342306c32270196", size = 182063, upload-time = "2025-09-25T21:32:11.445Z" },
    { url = "https://files.pythonhosted.org/packages/89/a0/6cf41a19a1f2f3feab0e9c0b74134aa2ce6849093d5517a0c550fe37a648/pyyaml-6.0.3-cp312-cp312-macosx_11_0_arm64.whl", hash = "sha256:fc09d0aa354569bc501d4e787133afc08552722d3ab34836a80547331bb5d4a0", size = 173973, upload-time = "2025-09-25T21:32:12.492Z" },
    { url = "https://files.pythonhosted.org/packages/ed/23/7a778b6bd0b9a8039df8b1b1d80e2e2ad78aa04171592c8a5c43a56a6af4/pyyaml-6.0.3-cp312-cp312-manylinux2014_aarch64.manylinux_2_17_aarch64.manylinux_2_28_aarch64.whl", hash = "sha256:9149cad251584d5fb4981be1ecde53a1ca46c891a79788c0df828d2f166bda28", size = 775116, upload-time = "2025-09-25T21:32:13.652Z" },
    { url = "https://files.pythonhosted.org/packages/65/30/d7353c338e12baef4ecc1b09e877c1970bd3382789c159b4f89d6a70dc09/pyyaml-6.0.3-cp312-cp312-manylinux2014_s390x.manylinux_2_17_s390x.manylinux_2_28_s390x.whl", hash = "sha256:5fdec68f91a0c6739b380c83b951e2c72ac0197ace422360e6d5a959d8d97b2c", size = 844011, upload-time = "2025-09-25T21:32:15.21Z" },
    { url = "https://files.pythonhosted.org/packages/8b/9d/b3589d3877982d4f2329302ef98a8026e7f4443c765c46cfecc8858c6b4b/pyyaml-6.0.3-cp312-cp312-manylinux2014_x86_64.manylinux_2_17_x86_64.manylinux_2_28_x86_64.whl", hash = "sha256:ba1cc08a7ccde2d2ec775841541641e4548226580ab850948cbfda66a1befcdc", size = 807870, upload-time = "2025-09-25T21:32:16.431Z" },
    { url = "https://files.pythonhosted.org/packages/05/c0/b3be26a015601b822b97d9149ff8cb5ead58c66f981e04fedf4e762f4bd4/pyyaml-6.0.3-cp312-cp312-musllinux_1_2_aarch64.whl", hash = "sha256:8dc52c23056b9ddd46818a57b78404882310fb473d63f17b07d5c40421e47f8e", size = 761089, upload-time = "2025-09-25T21:32:17.56Z" },
    { url = "https://files.pythonhosted.org/packages/be/8e/98435a21d1d4b46590d5459a22d88128103f8da4c2d4cb8f14f2a96504e1/pyyaml-6.0.3-cp312-cp312-musllinux_1_2_x86_64.whl", hash = "sha256:41715c910c881bc081f1e8872880d3c650acf13dfa8214bad49ed4cede7c34ea", size = 790181, upload-time = "2025-09-25T21:32:18.834Z" },
    { url = "https://files.pythonhosted.org/packages/74/93/7baea19427dcfbe1e5a372d81473250b379f04b1bd3c4c5ff825e2327202/pyyaml-6.0.3-cp312-cp312-win32.whl", hash = "sha256:96b533f0e99f6579b3d4d4995707cf36df9100d67e0c8303a0c55b27b5f99bc5", size = 137658, upload-time = "2025-09-25T21:32:20.209Z" },
    { url = "https://files.pythonhosted.org/packages/86/bf/899e81e4cce32febab4fb42bb97dcdf66bc135272882d1987881a4b519e9/pyyaml-6.0.3-cp312-cp312-win_amd64.whl", hash = "sha256:5fcd34e47f6e0b794d17de1b4ff496c00986e1c83f7ab2fb8fcfe9616ff7477b", size = 154003, upload-time = "2025-09-25T21:32:21.167Z" },
    { url = "https://files.pythonhosted.org/packages/1a/08/67bd04656199bbb51dbed1439b7f27601dfb576fb864099c7ef0c3e55531/pyyaml-6.0.3-cp312-cp312-win_arm64.whl", hash = "sha256:64386e5e707d03a7e172c0701abfb7e10f0fb753ee1d773128192742712a98fd", size = 140344, upload-time = "2025-09-25T21:32:22.617Z" },
]

[[package]]
name = "ruff"
version = "0.9.5"
source = { registry = "https://pypi.org/simple" }
sdist = { url = "https://files.pythonhosted.org/packages/02/74/6c359f6b9ed85b88df6ef31febce18faeb852f6c9855651dfb1184a46845/ruff-0.9.5.tar.gz", hash = "sha256:11aecd7a633932875ab3cb05a484c99970b9d52606ce9ea912b690b02653d56c", size = 3634177, upload-time = "2025-02-06T19:47:15.41Z" }
wheels = [
    { url = "https://files.pythonhosted.org/packages/17/4b/82b7c9ac874e72b82b19fd7eab57d122e2df44d2478d90825854f9232d02/ruff-0.9.5-py3-none-linux_armv6l.whl", hash = "sha256:d466d2abc05f39018d53f681fa1c0ffe9570e6d73cde1b65d23bb557c846f442", size = 11681264, upload-time = "2025-02-06T19:46:16.452Z" },
    { url = "https://files.pythonhosted.org/packages/27/5c/f5ae0a9564e04108c132e1139d60491c0abc621397fe79a50b3dc0bd704b/ruff-0.9.5-py3-none-macosx_10_12_x86_64.whl", hash = "sha256:38840dbcef63948657fa7605ca363194d2fe8c26ce8f9ae12eee7f098c85ac8a", size = 11657554, upload-time = "2025-02-06T19:46:21.854Z" },
    { url = "https://files.pythonhosted.org/packages/2a/83/c6926fa3ccb97cdb3c438bb56a490b395770c750bf59f9bc1fe57ae88264/ruff-0.9.5-py3-none-macosx_11_0_arm64.whl", hash = "sha256:d56ba06da53536b575fbd2b56517f6f95774ff7be0f62c80b9e67430391eeb36", size = 11088959, upload-time = "2025-02-06T19:46:25.109Z" },
    { url = "https://files.pythonhosted.org/packages/af/a7/42d1832b752fe969ffdbfcb1b4cb477cb271bed5835110fb0a16ef31ab81/ruff-0.9.5-py3-none-manylinux_2_17_aarch64.manylinux2014_aarch64.whl", hash = "sha256:4f7cb2a01da08244c50b20ccfaeb5972e4228c3c3a1989d3ece2bc4b1f996001", size = 11902041, upload-time = "2025-02-06T19:46:29.288Z" },
    { url = "https://files.pythonhosted.org/packages/53/cf/1fffa09fb518d646f560ccfba59f91b23c731e461d6a4dedd21a393a1ff1/ruff-0.9.5-py3-none-manylinux_2_17_armv7l.manylinux2014_armv7l.whl", hash = "sha256:96d5c76358419bc63a671caac70c18732d4fd0341646ecd01641ddda5c39ca0b", size = 11421069, upload-time = "2025-02-06T19:46:32.947Z" },
    { url = "https://files.pythonhosted.org/packages/09/27/bb8f1b7304e2a9431f631ae7eadc35550fe0cf620a2a6a0fc4aa3d736f94/ruff-0.9.5-py3-none-manylinux_2_17_i686.manylinux2014_i686.whl", hash = "sha256:deb8304636ed394211f3a6d46c0e7d9535b016f53adaa8340139859b2359a070", size = 12625095, upload-time = "2025-02-06T19:46:36.015Z" },
    { url = "https://files.pythonhosted.org/packages/d7/ce/ab00bc9d3df35a5f1b64f5117458160a009f93ae5caf65894ebb63a1842d/ruff-0.9.5-py3-none-manylinux_2_17_ppc64.manylinux2014_ppc64.whl", hash = "sha256:df455000bf59e62b3e8c7ba5ed88a4a2bc64896f900f311dc23ff2dc38156440", size = 13257797, upload-time = "2025-02-06T19:46:39.556Z" },
    { url = "https://files.pythonhosted.org/packages/88/81/c639a082ae6d8392bc52256058ec60f493c6a4d06d5505bccface3767e61/ruff-0.9.5-py3-none-manylinux_2_17_ppc64le.manylinux2014_ppc64le.whl", hash = "sha256:de92170dfa50c32a2b8206a647949590e752aca8100a0f6b8cefa02ae29dce80", size = 12763793, upload-time = "2025-02-06T19:46:43.294Z" },
    { url = "https://files.pythonhosted.org/packages/b3/d0/0a3d8f56d1e49af466dc770eeec5c125977ba9479af92e484b5b0251ce9c/ruff-0.9.5-py3-none-manylinux_2_17_s390x.manylinux2014_s390x.whl", hash = "sha256:3d28532d73b1f3f627ba88e1456f50748b37f3a345d2be76e4c653bec6c3e393", size = 14386234, upload-time = "2025-02-06T19:46:47.062Z" },
    { url = "https://files.pythonhosted.org/packages/04/70/e59c192a3ad476355e7f45fb3a87326f5219cc7c472e6b040c6c6595c8f0/ruff-0.9.5-py3-none-manylinux_2_17_x86_64.manylinux2014_x86_64.whl", hash = "sha256:2c746d7d1df64f31d90503ece5cc34d7007c06751a7a3bbeee10e5f2463d52d2", size = 12437505, upload-time = "2025-02-06T19:46:49.986Z" },
    { url = "https://files.pythonhosted.org/packages/55/4e/3abba60a259d79c391713e7a6ccabf7e2c96e5e0a19100bc4204f1a43a51/ruff-0.9.5-py3-none-musllinux_1_2_aarch64.whl", hash = "sha256:11417521d6f2d121fda376f0d2169fb529976c544d653d1d6044f4c5562516ee", size = 11884799, upload-time = "2025-02-06T19:46:53.593Z" },
    { url = "https://files.pythonhosted.org/packages/a3/db/b0183a01a9f25b4efcae919c18fb41d32f985676c917008620ad692b9d5f/ruff-0.9.5-py3-none-musllinux_1_2_armv7l.whl", hash = "sha256:5b9d71c3879eb32de700f2f6fac3d46566f644a91d3130119a6378f9312a38e1", size = 11527411, upload-time = "2025-02-06T19:46:56.531Z" },
    { url = "https://files.pythonhosted.org/packages/0a/e4/3ebfcebca3dff1559a74c6becff76e0b64689cea02b7aab15b8b32ea245d/ruff-0.9.5-py3-none-musllinux_1_2_i686.whl", hash = "sha256:2e36c61145e70febcb78483903c43444c6b9d40f6d2f800b5552fec6e4a7bb9a", size = 12078868, upload-time = "2025-02-06T19:46:59.28Z" },
    { url = "https://files.pythonhosted.org/packages/ec/b2/5ab808833e06c0a1b0d046a51c06ec5687b73c78b116e8d77687dc0cd515/ruff-0.9.5-py3-none-musllinux_1_2_x86_64.whl", hash = "sha256:2f71d09aeba026c922aa7aa19a08d7bd27c867aedb2f74285a2639644c1c12f5", size = 12524374, upload-time = "2025-02-06T19:47:02.897Z" },
    { url = "https://files.pythonhosted.org/packages/e0/51/1432afcc3b7aa6586c480142caae5323d59750925c3559688f2a9867343f/ruff-0.9.5-py3-none-win32.whl", hash = "sha256:134f958d52aa6fdec3b294b8ebe2320a950d10c041473c4316d2e7d7c2544723", size = 9853682, upload-time = "2025-02-06T19:47:05.576Z" },
    { url = "https://files.pythonhosted.org/packages/b7/ad/c7a900591bd152bb47fc4882a27654ea55c7973e6d5d6396298ad3fd6638/ruff-0.9.5-py3-none-win_amd64.whl", hash = "sha256:78cc6067f6d80b6745b67498fb84e87d32c6fc34992b52bffefbdae3442967d6", size = 10865744, upload-time = "2025-02-06T19:47:09.205Z" },
    { url = "https://files.pythonhosted.org/packages/75/d9/fde7610abd53c0c76b6af72fc679cb377b27c617ba704e25da834e0a0608/ruff-0.9.5-py3-none-win_arm64.whl", hash = "sha256:18a29f1a005bddb229e580795627d297dfa99f16b30c7039e73278cf6b5f9fa9", size = 10064595, upload-time = "2025-02-06T19:47:12.071Z" },
]

[[package]]
name = "s3transfer"
version = "0.16.0"
source = { registry = "https://pypi.org/simple" }
dependencies = [
    { name = "botocore" },
]
sdist = { url = "https://files.pythonhosted.org/packages/05/04/74127fc843314818edfa81b5540e26dd537353b123a4edc563109d8f17dd/s3transfer-0.16.0.tar.gz", hash = "sha256:8e990f13268025792229cd52fa10cb7163744bf56e719e0b9cb925ab79abf920", size = 153827, upload-time = "2025-12-01T02:30:59.114Z" }
wheels = [
    { url = "https://files.pythonhosted.org/packages/fc/51/727abb13f44c1fcf6d145979e1535a35794db0f6e450a0cb46aa24732fe2/s3transfer-0.16.0-py3-none-any.whl", hash = "sha256:18e25d66fed509e3868dc1572b3f427ff947dd2c56f844a5bf09481ad3f3b2fe", size = 86830, upload-time = "2025-12-01T02:30:57.729Z" },
]

[[package]]
name = "six"
version = "1.17.0"
source = { registry = "https://pypi.org/simple" }
sdist = { url = "https://files.pythonhosted.org/packages/94/e7/b2c673351809dca68a0e064b6af791aa332cf192da575fd474ed7d6f16a2/six-1.17.0.tar.gz", hash = "sha256:ff70335d468e7eb6ec65b95b99d3a2836546063f63acc5171de367e834932a81", size = 34031, upload-time = "2024-12-04T17:35:28.174Z" }
wheels = [
    { url = "https://files.pythonhosted.org/packages/b7/ce/149a00dd41f10bc29e5921b496af8b574d8413afcd5e30dfa0ed46c2cc5e/six-1.17.0-py2.py3-none-any.whl", hash = "sha256:4721f391ed90541fddacab5acf947aa0d3dc7d27b2e1e8eda2be8970586c3274", size = 11050, upload-time = "2024-12-04T17:35:26.475Z" },
]

[[package]]
name = "sqlglot"
version = "26.4.1"
source = { registry = "https://pypi.org/simple" }
sdist = { url = "https://files.pythonhosted.org/packages/86/38/a6b01d6f291c09dc4e17f87f131310cdc104a719910eca3878c893fcffa5/sqlglot-26.4.1.tar.gz", hash = "sha256:97cc367e364d0ac00a85ea1a1b7ff0e1a91e9e6e97c4824b34f3bf6b619ab3b0", size = 5315460, upload-time = "2025-02-03T18:48:00.685Z" }
wheels = [
    { url = "https://files.pythonhosted.org/packages/88/e4/0d9749dc9b837e47e19e5db12c8ca6b1f4f02c079145a8ab7278d0f5727d/sqlglot-26.4.1-py3-none-any.whl", hash = "sha256:c9dae7b974fdb88f443408ceac817a4627d9e8c33afdb2bb4ebdd87864b0d1ba", size = 447000, upload-time = "2025-02-03T18:47:57.207Z" },
]

[[package]]
name = "typeguard"
version = "4.2.1"
source = { registry = "https://pypi.org/simple" }
dependencies = [
    { name = "typing-extensions" },
]
sdist = { url = "https://files.pythonhosted.org/packages/6e/0e/96ec359939521f8c3e6c7b69526afab96fafe0520b5e1b890e061a66abc9/typeguard-4.2.1.tar.gz", hash = "sha256:c556a1b95948230510070ca53fa0341fb0964611bd05d598d87fb52115d65fee", size = 71292, upload-time = "2024-03-24T08:06:18.233Z" }
wheels = [
    { url = "https://files.pythonhosted.org/packages/d9/59/e02336eb478ccdfc9bb0d4c27ce04a4260cd8b45aa04f6b00bcfdbb66a2a/typeguard-4.2.1-py3-none-any.whl", hash = "sha256:7da3bd46e61f03e0852f8d251dcbdc2a336aa495d7daff01e092b55327796eb8", size = 34634, upload-time = "2024-03-24T08:06:15.936Z" },
]

[[package]]
name = "typing-extensions"
version = "4.15.0"
source = { registry = "https://pypi.org/simple" }
sdist = { url = "https://files.pythonhosted.org/packages/72/94/1a15dd82efb362ac84269196e94cf00f187f7ed21c242792a923cdb1c61f/typing_extensions-4.15.0.tar.gz", hash = "sha256:0cea48d173cc12fa28ecabc3b837ea3cf6f38c6d1136f85cbaaf598984861466", size = 109391, upload-time = "2025-08-25T13:49:26.313Z" }
wheels = [
    { url = "https://files.pythonhosted.org/packages/18/67/36e9267722cc04a6b9f15c7f3441c2363321a3ea07da7ae0c0707beb2a9c/typing_extensions-4.15.0-py3-none-any.whl", hash = "sha256:f0fa19c6845758ab08074a0cfa8b7aecb71c999ca73d62883bc25cc018c4e548", size = 44614, upload-time = "2025-08-25T13:49:24.86Z" },
]

[[package]]
name = "urllib3"
version = "2.6.2"
source = { registry = "https://pypi.org/simple" }
sdist = { url = "https://files.pythonhosted.org/packages/1e/24/a2a2ed9addd907787d7aa0355ba36a6cadf1768b934c652ea78acbd59dcd/urllib3-2.6.2.tar.gz", hash = "sha256:016f9c98bb7e98085cb2b4b17b87d2c702975664e4f060c6532e64d1c1a5e797", size = 432930, upload-time = "2025-12-11T15:56:40.252Z" }
wheels = [
    { url = "https://files.pythonhosted.org/packages/6d/b9/4095b668ea3678bf6a0af005527f39de12fb026516fb3df17495a733b7f8/urllib3-2.6.2-py3-none-any.whl", hash = "sha256:ec21cddfe7724fc7cb4ba4bea7aa8e2ef36f607a4bab81aa6ce42a13dc3f03dd", size = 131182, upload-time = "2025-12-11T15:56:38.584Z" },
]

[[package]]
name = "virtualenv"
version = "20.35.4"
source = { registry = "https://pypi.org/simple" }
dependencies = [
    { name = "distlib" },
    { name = "filelock" },
    { name = "platformdirs" },
]
sdist = { url = "https://files.pythonhosted.org/packages/20/28/e6f1a6f655d620846bd9df527390ecc26b3805a0c5989048c210e22c5ca9/virtualenv-20.35.4.tar.gz", hash = "sha256:643d3914d73d3eeb0c552cbb12d7e82adf0e504dbf86a3182f8771a153a1971c", size = 6028799, upload-time = "2025-10-29T06:57:40.511Z" }
wheels = [
    { url = "https://files.pythonhosted.org/packages/79/0c/c05523fa3181fdf0c9c52a6ba91a23fbf3246cc095f26f6516f9c60e6771/virtualenv-20.35.4-py3-none-any.whl", hash = "sha256:c21c9cede36c9753eeade68ba7d523529f228a403463376cf821eaae2b650f1b", size = 6005095, upload-time = "2025-10-29T06:57:37.598Z" },
]

[[package]]
name = "yamllint"
version = "1.37.1"
source = { registry = "https://pypi.org/simple" }
dependencies = [
    { name = "pathspec" },
    { name = "pyyaml" },
]
sdist = { url = "https://files.pythonhosted.org/packages/46/f2/cd8b7584a48ee83f0bc94f8a32fea38734cefcdc6f7324c4d3bfc699457b/yamllint-1.37.1.tar.gz", hash = "sha256:81f7c0c5559becc8049470d86046b36e96113637bcbe4753ecef06977c00245d", size = 141613, upload-time = "2025-05-04T08:25:54.355Z" }
wheels = [
    { url = "https://files.pythonhosted.org/packages/dd/b9/be7a4cfdf47e03785f657f94daea8123e838d817be76c684298305bd789f/yamllint-1.37.1-py3-none-any.whl", hash = "sha256:364f0d79e81409f591e323725e6a9f4504c8699ddf2d7263d8d2b539cd66a583", size = 68813, upload-time = "2025-05-04T08:25:52.552Z" },
]
